
Microsoft Visual Studio Solution File, Format Version 12.00
# Visual Studio 2012
Project("{FAE04EC0-301F-11D3-BF4B-00C04F79EFBC}") = "BuildTasks", "BuildTasks.csproj", "{04247F29-159E-4DDD-8023-EB1E7F87E356}"
EndProject
Global
	GlobalSection(SolutionConfigurationPlatforms) = preSolution
		Debug|Any CPU = Debug|Any CPU
		Release|Any CPU = Release|Any CPU
	EndGlobalSection
	GlobalSection(ProjectConfigurationPlatforms) = postSolution
		{04247F29-159E-4DDD-8023-EB1E7F87E356}.Debug|Any CPU.ActiveCfg = Debug|Any CPU
		{04247F29-159E-4DDD-8023-EB1E7F87E356}.Debug|Any CPU.Build.0 = Debug|Any CPU
		{04247F29-159E-4DDD-8023-EB1E7F87E356}.Release|Any CPU.ActiveCfg = Release|Any CPU
		{04247F29-159E-4DDD-8023-EB1E7F87E356}.Release|Any CPU.Build.0 = Release|Any CPU
	EndGlobalSection
	GlobalSection(SolutionProperties) = preSolution
		HideSolutionNode = FALSE
	EndGlobalSection
EndGlobal
