
Microsoft Visual Studio Solution File, Format Version 12.00
# Visual Studio 2012
Project("{2150E333-8FDC-42A3-9474-1A3956D46DE8}") = "App", "App", "{279B3ED1-6ED0-41B4-BD29-D5CAEAE7BC3E}"
	ProjectSection(FolderStartupServices) = postProject
		{B4F97281-0DBD-4835-9ED8-7DFB966E87FF} = {B4F97281-0DBD-4835-9ED8-7DFB966E87FF}
	EndProjectSection
EndProject
Project("{2150E333-8FDC-42A3-9474-1A3956D46DE8}") = "Dynamic Presentation", "Dynamic Presentation", "{B3846BA0-8282-405F-88B8-1E2E3E528EE7}"
	ProjectSection(FolderStartupServices) = postProject
		{B4F97281-0DBD-4835-9ED8-7DFB966E87FF} = {B4F97281-0DBD-4835-9ED8-7DFB966E87FF}
	EndProjectSection
EndProject
Project("{2150E333-8FDC-42A3-9474-1A3956D46DE8}") = "Application Lib", "Application Lib", "{8CFD644A-2E2B-4399-A089-EA57289A621B}"
	ProjectSection(FolderStartupServices) = postProject
		{B4F97281-0DBD-4835-9ED8-7DFB966E87FF} = {B4F97281-0DBD-4835-9ED8-7DFB966E87FF}
	EndProjectSection
EndProject
Project("{2150E333-8FDC-42A3-9474-1A3956D46DE8}") = "Configuration", "Configuration", "{4CFDCDDA-A411-4D97-8541-69027EDBE271}"
	ProjectSection(FolderStartupServices) = postProject
		{B4F97281-0DBD-4835-9ED8-7DFB966E87FF} = {B4F97281-0DBD-4835-9ED8-7DFB966E87FF}
	EndProjectSection
EndProject
Project("{2150E333-8FDC-42A3-9474-1A3956D46DE8}") = "Security", "Security", "{7ECE2107-F71A-4CC0-A0C4-83F1A9A8AC23}"
EndProject
Project("{FAE04EC0-301F-11D3-BF4B-00C04F79EFBC}") = "DBSQLServer", "..\..\Lib\DBCommonLibrary\DBSQLServer\DBSQLServer.csproj", "{565E6847-7C95-40A8-AE60-4FFACCB81321}"
EndProject
Project("{FAE04EC0-301F-11D3-BF4B-00C04F79EFBC}") = "DBCommon", "..\..\Lib\DBCommonLibrary\DBCommon\DBCommon.csproj", "{A53850F9-4599-49A4-9182-7CC9AD889458}"
EndProject
Project("{FAE04EC0-301F-11D3-BF4B-00C04F79EFBC}") = "ObjectBuilder", "..\..\Lib\DataAccess\ObjectBuilder\ObjectBuilder.csproj", "{2AE49F19-392B-4C50-A13C-F49B2579849D}"
EndProject
Project("{FAE04EC0-301F-11D3-BF4B-00C04F79EFBC}") = "Data", "..\..\Lib\DataAccess\Data\Data.csproj", "{D349B6D8-992F-443F-BB57-57E50DD98794}"
EndProject
Project("{FAE04EC0-301F-11D3-BF4B-00C04F79EFBC}") = "Common", "..\..\Lib\DataAccess\Common\Common.csproj", "{A09297C8-2C40-470B-8856-D856676DDFFA}"
EndProject
Project("{FAE04EC0-301F-11D3-BF4B-00C04F79EFBC}") = "SecurityCommonLib", "..\..\Lib\Security\SecurityCommonLib\SecurityCommonLib.csproj", "{6C5A1391-BC60-485D-8211-FF6BE582BC6F}"
EndProject
Project("{FAE04EC0-301F-11D3-BF4B-00C04F79EFBC}") = "DB", "..\..\Lib\DB\DB.csproj", "{EF1EE812-6FE9-4ECE-9BCD-4507CFE577D2}"
EndProject
Project("{FAE04EC0-301F-11D3-BF4B-00C04F79EFBC}") = "WorkflowLibrary", "..\..\Lib\WorkflowLibrary\WorkflowLibrary.csproj", "{0D76ACC1-B717-446B-94A5-243D6F534010}"
EndProject
Project("{FAE04EC0-301F-11D3-BF4B-00C04F79EFBC}") = "WorkflowIntf", "..\..\Lib\WorkflowIntf\WorkflowIntf.csproj", "{DDBB4D77-2FE7-4C27-BD10-64A4DD393516}"
EndProject
Project("{FAE04EC0-301F-11D3-BF4B-00C04F79EFBC}") = "DPCore", "..\..\Lib\Dynamic Presentation\DPCore\DPCore.csproj", "{A45CA5E3-6476-4ACF-B454-91036A712414}"
EndProject
Project("{FAE04EC0-301F-11D3-BF4B-00C04F79EFBC}") = "ApplicationMng", "..\..\Lib\ApplicationManager\ApplicationMng.csproj", "{A0C22DD5-6D5C-413B-911E-5F2E497043BB}"
EndProject
Project("{FAE04EC0-301F-11D3-BF4B-00C04F79EFBC}") = "Scorto.Configuration", "..\..\Lib\Configuration\Scorto.Configuration\Scorto.Configuration.csproj", "{BC691168-09FC-4667-ACA1-C5734F039FEC}"
EndProject
Project("{FAE04EC0-301F-11D3-BF4B-00C04F79EFBC}") = "Scorto.Configuration.Loader", "..\..\Lib\Configuration\Scorto.Configuration.Loader\Scorto.Configuration.Loader.csproj", "{CE0BD0D7-7982-4212-ADFA-DC60A819DB96}"
EndProject
Project("{FAE04EC0-301F-11D3-BF4B-00C04F79EFBC}") = "Scorto.PatronAnalytics", "..\..\Lib\Scorto.PatronAnalytics\Scorto.PatronAnalytics.csproj", "{99D8D50E-3A79-49A3-BD56-6B9CF4FA0AE3}"
EndProject
Project("{FAE04EC0-301F-11D3-BF4B-00C04F79EFBC}") = "Scorto.Service.Scheduler", "..\..\Lib\Scorto.Service.Scheduler\Scorto.Service.Scheduler.csproj", "{74C77203-C672-4722-A182-8600ED08CC65}"
EndProject
Project("{FAE04EC0-301F-11D3-BF4B-00C04F79EFBC}") = "GenericCache", "..\..\Lib\GenericCache\GenericCache.csproj", "{70F66CA0-F76D-49A9-BB39-DC43B8710C76}"
EndProject
Project("{FAE04EC0-301F-11D3-BF4B-00C04F79EFBC}") = "Plugins", "..\..\Lib\Plugins\Plugins.csproj", "{31C9E8DA-CD24-42C8-BA9B-B8D46D6C1F7E}"
EndProject
Project("{FAE04EC0-301F-11D3-BF4B-00C04F79EFBC}") = "Scorto.Configuration.Plugins", "..\..\Lib\Configuration\Scorto.Configuration.Plugins\Scorto.Configuration.Plugins.csproj", "{D090B4B7-1C0E-4D3E-B9B8-260514890E60}"
EndProject
Project("{FAE04EC0-301F-11D3-BF4B-00C04F79EFBC}") = "Scorto.Security.UserManagement", "..\..\Lib\Security\Scorto.Security.UserManagement\Scorto.Security.UserManagement.csproj", "{C6445B39-080F-4C2F-BCBB-AE7A976E0CA0}"
EndProject
Project("{FAE04EC0-301F-11D3-BF4B-00C04F79EFBC}") = "XmlObjects", "..\..\Lib\XmlObjects\XmlObjects.csproj", "{C033698E-F931-4762-B38D-59749B017260}"
EndProject
Project("{FAE04EC0-301F-11D3-BF4B-00C04F79EFBC}") = "Scorto.DataSource", "..\..\Lib\Scorto.Behavioral.DataSource\Scorto.DataSource.csproj", "{5F49F5D6-00EB-4460-9B6B-609979C2E774}"
EndProject
Project("{FAE04EC0-301F-11D3-BF4B-00C04F79EFBC}") = "Scorto.Administration", "..\..\Lib\Scorto.Administration\Scorto.Administration.csproj", "{C3854989-A4AE-4201-B208-2FF22349BCAF}"
EndProject
Project("{FAE04EC0-301F-11D3-BF4B-00C04F79EFBC}") = "Scorto.WebService", "..\..\Lib\Scorto.WebService\Scorto.WebService.csproj", "{B4CCD334-66A0-42AD-BABE-F583D9FBBEED}"
EndProject
Project("{FAE04EC0-301F-11D3-BF4B-00C04F79EFBC}") = "Scorto.NHibernate", "..\..\Lib\Scorto.NHibernate\Scorto.NHibernate.csproj", "{8791667C-AAF4-4132-B140-3885C789D040}"
EndProject
Project("{FAE04EC0-301F-11D3-BF4B-00C04F79EFBC}") = "Scorto.Email", "..\..\Lib\Scorto.Email\Scorto.Email.csproj", "{901F75B7-A92B-42B5-92AD-6381AEA39AA2}"
EndProject
Project("{FAE04EC0-301F-11D3-BF4B-00C04F79EFBC}") = "UnitTestUtils", "..\..\Lib\UnitTestUtils\UnitTestUtils.csproj", "{3982436F-2AD1-43EB-8AD6-894DC068ACE0}"
EndProject
Project("{FAE04EC0-301F-11D3-BF4B-00C04F79EFBC}") = "DefaultSigningProvider", "..\..\Lib\Security\DefaultSigningProvider\DefaultSigningProvider.csproj", "{A3921366-C7E8-4B81-BB17-4C5DF41CB2D5}"
EndProject
Project("{FAE04EC0-301F-11D3-BF4B-00C04F79EFBC}") = "Scorto.Logging", "..\..\Lib\Scorto.Logging\Scorto.Logging.csproj", "{34865C35-7578-4D1C-BEF3-2A8056B8B275}"
EndProject
Project("{FAE04EC0-301F-11D3-BF4B-00C04F79EFBC}") = "Scorto.RegistryScanner", "..\..\Lib\Scorto.RegistryScanner\Scorto.RegistryScanner.csproj", "{FB9F2989-644D-4986-8633-64D357849EB2}"
EndProject
Project("{FAE04EC0-301F-11D3-BF4B-00C04F79EFBC}") = "ApplicationMng.Tests", "..\..\Lib\ApplicationMng.Tests\ApplicationMng.Tests.csproj", "{437773A8-7FA3-4C9F-8AD3-AA43B37E7BB5}"
EndProject
Project("{FAE04EC0-301F-11D3-BF4B-00C04F79EFBC}") = "Scorto.ExternalFilling.Design", "..\..\Lib\Scorto.ExternalFilling\Scorto.ExternalFilling.Design\Scorto.ExternalFilling.Design.csproj", "{0A6A77D8-86A1-4A6D-8BC1-D583C6915623}"
EndProject
Project("{FAE04EC0-301F-11D3-BF4B-00C04F79EFBC}") = "Scorto.ExternalFilling.Model", "..\..\Lib\Scorto.ExternalFilling\Scorto.ExternalFilling.Model\Scorto.ExternalFilling.Model.csproj", "{C59112DC-0F4E-44CA-8567-1FF476797F12}"
EndProject
Project("{2150E333-8FDC-42A3-9474-1A3956D46DE8}") = "Scorto.ExternalFilling", "Scorto.ExternalFilling", "{AD5AB1D2-1B7C-491F-8ACC-ED2FC62CBF24}"
EndProject
Project("{FAE04EC0-301F-11D3-BF4B-00C04F79EFBC}") = "Scorto.NHibernate.Test", "..\..\Lib\Scorto.NHibernate.Test\Scorto.NHibernate.Test.csproj", "{6ED2D45D-499C-4F81-975E-A936B4DCF8B5}"
EndProject
Project("{FAE04EC0-301F-11D3-BF4B-00C04F79EFBC}") = "Scorto.ApplicationStateLocal", "..\..\Lib\Scorto.ApplicationStateLocal\Scorto.ApplicationStateLocal.csproj", "{A5E25D5C-5ADD-44A5-9DF4-5931854A4E73}"
EndProject
Project("{FAE04EC0-301F-11D3-BF4B-00C04F79EFBC}") = "TestingDefinitions", "..\..\Tools\ReliabilityTester\TestingDefinitions\TestingDefinitions.csproj", "{6272AB13-7384-429A-9EC6-F561B0B1E58C}"
EndProject
Project("{FAE04EC0-301F-11D3-BF4B-00C04F79EFBC}") = "Scorto.StrategySchedule", "..\..\Lib\Scorto.StrategySchedule\Scorto.StrategySchedule.csproj", "{5F637280-1DEE-4C9C-908F-A6D02C3DB323}"
EndProject
Project("{2150E333-8FDC-42A3-9474-1A3956D46DE8}") = "Filters", "Filters", "{9F156689-2751-4044-86AB-0A8F85A74E20}"
EndProject
Project("{2150E333-8FDC-42A3-9474-1A3956D46DE8}") = "Scorto.SystemCalendar", "Scorto.SystemCalendar", "{F12BF8AC-39B4-4DB5-933F-611BD73338C3}"
EndProject
Project("{FAE04EC0-301F-11D3-BF4B-00C04F79EFBC}") = "Scorto.SystemCalendar.Model", "..\..\Lib\Scorto.SystemCalendar\Scorto.SystemCalendar.Model\Scorto.SystemCalendar.Model.csproj", "{67A577F6-F846-4FFA-9D3E-A1C2355922A7}"
EndProject
Project("{FAE04EC0-301F-11D3-BF4B-00C04F79EFBC}") = "EzBob.Web", "EzBob.Web\EzBob.Web.csproj", "{829AA60E-CC9F-4BE6-95E1-BC7990147D15}"
EndProject
Project("{2150E333-8FDC-42A3-9474-1A3956D46DE8}") = "Integration", "Integration", "{5B007DF6-3E32-4005-B020-77BA8A3032B1}"
	ProjectSection(SolutionItems) = preProject
		..\..\Integration\PaymentServices\PaymentServices.csproj = ..\..\Integration\PaymentServices\PaymentServices.csproj
	EndProjectSection
EndProject
Project("{FAE04EC0-301F-11D3-BF4B-00C04F79EFBC}") = "AmazonDbLib", "..\..\Integration\Amazon\AmazonDbLib\AmazonDbLib.csproj", "{FD263EB4-A3EF-4447-94B1-DE1B308C604B}"
EndProject
Project("{FAE04EC0-301F-11D3-BF4B-00C04F79EFBC}") = "AmazonLib", "..\..\Integration\Amazon\AmazonLib\AmazonLib.csproj", "{45EB1597-4C92-4AB8-B615-5206D5A9F472}"
EndProject
Project("{FAE04EC0-301F-11D3-BF4B-00C04F79EFBC}") = "AmazonServiceLib", "..\..\Integration\Amazon\AmazonServiceLib\AmazonServiceLib.csproj", "{9E536824-37AD-4CC7-B597-11B882091DBD}"
EndProject
Project("{FAE04EC0-301F-11D3-BF4B-00C04F79EFBC}") = "FBAInventoryServiceMWS", "..\..\Integration\Amazon\FBAInventoryServiceMWS\FBAInventoryServiceMWS.csproj", "{329D8BC9-D820-37CA-9B18-098625CA0158}"
EndProject
Project("{FAE04EC0-301F-11D3-BF4B-00C04F79EFBC}") = "MarketplaceWebServiceOrders", "..\..\Integration\Amazon\MarketplaceWebServiceOrders\MarketplaceWebServiceOrders.csproj", "{2AD52941-1F8A-3ED6-9F00-69F6F6AB2803}"
EndProject
Project("{FAE04EC0-301F-11D3-BF4B-00C04F79EFBC}") = "CommonLib", "..\..\Integration\CommonLib\CommonLib.csproj", "{AEDBFBBD-BA7D-4582-AFCA-6ECF8AF33C98}"
EndProject
Project("{FAE04EC0-301F-11D3-BF4B-00C04F79EFBC}") = "DatabaseLib", "..\..\Integration\DatabaseLib\DatabaseLib.csproj", "{FA67314A-0560-41D4-BC19-6524663E9D0D}"
EndProject
Project("{FAE04EC0-301F-11D3-BF4B-00C04F79EFBC}") = "eBayDbLib", "..\..\Integration\eBay\eBayDbLib\eBayDbLib.csproj", "{FB3EAC65-AB2B-4A7E-ADA5-AAE0651CAAF6}"
EndProject
Project("{FAE04EC0-301F-11D3-BF4B-00C04F79EFBC}") = "eBayLib", "..\..\Integration\eBay\eBayLib\eBayLib.csproj", "{AC296AC1-DD5A-4AA4-A299-DD708E5F1A10}"
EndProject
Project("{FAE04EC0-301F-11D3-BF4B-00C04F79EFBC}") = "eBayServiceLib", "..\..\Integration\eBay\eBayServiceLib\eBayServiceLib.csproj", "{59FB16F3-4CCD-43E9-BBC4-5246E62AC70E}"
EndProject
Project("{2150E333-8FDC-42A3-9474-1A3956D46DE8}") = "Amazon", "Amazon", "{051F4782-724B-4205-92F7-F9B20C52FC32}"
EndProject
Project("{2150E333-8FDC-42A3-9474-1A3956D46DE8}") = "Ebay", "Ebay", "{2D55B859-8E18-4C10-AD70-71A45E5BE1D5}"
EndProject
Project("{2150E333-8FDC-42A3-9474-1A3956D46DE8}") = "PayPal", "PayPal", "{72202444-3942-4FE3-8F65-5B7FE8C868E0}"
EndProject
Project("{FAE04EC0-301F-11D3-BF4B-00C04F79EFBC}") = "PayPal.Base", "..\..\Integration\PayPal\PayPal.Base\PayPal.Base.csproj", "{E16B6793-6589-412F-9798-5E99E7112D84}"
EndProject
Project("{FAE04EC0-301F-11D3-BF4B-00C04F79EFBC}") = "PayPal.Permissions", "..\..\Integration\PayPal\PayPal.Permissions\PayPal.Permissions.csproj", "{96E238AE-CE18-4299-87C4-0924EBCEFA80}"
EndProject
Project("{FAE04EC0-301F-11D3-BF4B-00C04F79EFBC}") = "PayPalLib", "..\..\Integration\PayPal\PayPalLib\PayPalLib.csproj", "{231243D6-9B1A-43BC-AC7E-FC6AE5DDC006}"
EndProject
Project("{FAE04EC0-301F-11D3-BF4B-00C04F79EFBC}") = "PayPalDbLib", "..\..\Integration\PayPal\PayPalDbLib\PayPalDbLib.csproj", "{F80EB367-9E8A-4317-A6BC-C3FC2FD9770E}"
EndProject
Project("{FAE04EC0-301F-11D3-BF4B-00C04F79EFBC}") = "Scorto.Web", "Scorto.Web\Scorto.Web.csproj", "{96BEC6AF-3DE2-4245-AB4C-1C18CEF2482E}"
EndProject
Project("{FAE04EC0-301F-11D3-BF4B-00C04F79EFBC}") = "EntitiesLinkManager", "..\..\Lib\EntitiesLinkManager\EntitiesLinkManager.csproj", "{1E0D7696-BABB-4279-817A-18DCACAEB575}"
EndProject
Project("{FAE04EC0-301F-11D3-BF4B-00C04F79EFBC}") = "MarketplaceWebService", "..\..\Integration\Amazon\MarketplaceWebService\MarketplaceWebService.csproj", "{D121D692-FF26-3836-8115-E63D9FC3A3B1}"
EndProject
Project("{FAE04EC0-301F-11D3-BF4B-00C04F79EFBC}") = "EzBob", "..\..\Integration\EzBob\EzBob.csproj", "{CB5B04A6-76C2-43C4-9A8F-20EE2601CB11}"
EndProject
Project("{2150E333-8FDC-42A3-9474-1A3956D46DE8}") = "SDK", "SDK", "{E518AEE0-D306-4ECE-A353-ED9F2723B81A}"
EndProject
Project("{FAE04EC0-301F-11D3-BF4B-00C04F79EFBC}") = "PayPalServiceLib", "..\..\Integration\PayPal\PayPalServiceLib\PayPalServiceLib.csproj", "{C519F59F-456A-4C7B-ADE8-22AC96D572F3}"
EndProject
Project("{FAE04EC0-301F-11D3-BF4B-00C04F79EFBC}") = "EzBob.Tests", "EzBob.Tests\EzBob.Tests.csproj", "{6A0141B0-25EE-497D-A027-62D436CF973D}"
EndProject
Project("{FAE04EC0-301F-11D3-BF4B-00C04F79EFBC}") = "TeraPeakServiceLib", "..\..\Integration\TeraPeak\TeraPeakServiceLib\TeraPeakServiceLib.csproj", "{6CD378FB-00A9-4644-965B-21A16956DED0}"
EndProject
Project("{FAE04EC0-301F-11D3-BF4B-00C04F79EFBC}") = "PaymentServices", "..\..\Integration\PaymentServices\PaymentServices.csproj", "{544A1FD5-76D3-4B73-97DD-0C7AA32F66C2}"
EndProject
Project("{2150E333-8FDC-42A3-9474-1A3956D46DE8}") = "Experian", "Experian", "{8F56D3E8-8C5F-41B2-A0FF-ED4036BF75E4}"
EndProject
Project("{FAE04EC0-301F-11D3-BF4B-00C04F79EFBC}") = "ExperianLib", "..\..\Integration\ExperianLib\ExperianLib.csproj", "{D91F3FD0-9E1B-41FF-AE2E-67F051198F51}"
EndProject
Project("{FAE04EC0-301F-11D3-BF4B-00C04F79EFBC}") = "Log4NetCustomAppenders", "Log4NetCustomAppenders\Log4NetCustomAppenders.csproj", "{9B99CD18-9414-4842-9792-E33B6605F330}"
EndProject
Project("{FAE04EC0-301F-11D3-BF4B-00C04F79EFBC}") = "MarketplaceWebServiceProducts", "..\..\Integration\Amazon\AmazonProductServiceMWS\MarketplaceWebServiceProducts.csproj", "{4675187D-6CC7-369C-AEEF-121AD4508FF5}"
EndProject
Project("{FAE04EC0-301F-11D3-BF4B-00C04F79EFBC}") = "EzBob.Signals", "..\Agents\EzBob.Signals\EzBob.Signals.csproj", "{0B94F193-9310-4A4D-98B2-3A55C851C6AD}"
EndProject
Project("{2150E333-8FDC-42A3-9474-1A3956D46DE8}") = "Core", "Core", "{C87D75D8-FF8C-4257-9AA5-8CDBC3760467}"
EndProject
Project("{FAE04EC0-301F-11D3-BF4B-00C04F79EFBC}") = "Scorto.Flow.Signal", "..\..\Lib\Scorto.Flow.Signal\Scorto.Flow.Signal.csproj", "{57E4BAF4-D3C6-454A-81F3-DF4C5AB741B3}"
EndProject
Project("{FAE04EC0-301F-11D3-BF4B-00C04F79EFBC}") = "PostcodeAnywhere", "PostcodeAnywhere\PostcodeAnywhere.csproj", "{083973A7-25ED-4B16-9BB4-65BDD4AA1AA8}"
EndProject
Project("{FAE04EC0-301F-11D3-BF4B-00C04F79EFBC}") = "ZohoCRM", "..\..\Integration\ZohoCRM\ZohoCRM.csproj", "{A3D7CD63-C1D8-41D0-93A7-776C0E6A20D8}"
EndProject
Project("{2150E333-8FDC-42A3-9474-1A3956D46DE8}") = "Zoho", "Zoho", "{07A23586-1761-45EB-AADC-CEC01AA5820A}"
EndProject
Project("{FAE04EC0-301F-11D3-BF4B-00C04F79EFBC}") = "Deveel.ZohoCRM", "..\..\Integration\Deveel\Deveel.ZohoCRM\Deveel.ZohoCRM.csproj", "{B2206902-86E2-4EC7-8BE3-6E36514AD46E}"
EndProject
Project("{FAE04EC0-301F-11D3-BF4B-00C04F79EFBC}") = "Deveel.ZohoCRM.Tests", "..\..\Integration\Deveel\Deveel.ZohoCRM.Tests\Deveel.ZohoCRM.Tests.csproj", "{75B673A9-38AF-44FA-83C4-9DAF0F5CD215}"
EndProject
Project("{FAE04EC0-301F-11D3-BF4B-00C04F79EFBC}") = "EzBob.Models", "..\..\Integration\EzBob.Models\EzBob.Models.csproj", "{66411FF3-AA26-4B45-96D3-56E5E77BB544}"
EndProject
Project("{FAE04EC0-301F-11D3-BF4B-00C04F79EFBC}") = "ezmanage", "..\ezmanage\ezmanage.csproj", "{9A926BC9-4D44-4F9F-9C00-4DB8C5E175D1}"
EndProject
Project("{FAE04EC0-301F-11D3-BF4B-00C04F79EFBC}") = "EKM", "..\..\Integration\EKM\EKM.csproj", "{590C01C7-CF2C-4D5B-A307-3EB7EC61FB0D}"
EndProject
Global
	GlobalSection(SolutionConfigurationPlatforms) = preSolution
		Debug|Any CPU = Debug|Any CPU
		Debug|Mixed Platforms = Debug|Mixed Platforms
		Debug|x86 = Debug|x86
		Release|Any CPU = Release|Any CPU
		Release|Mixed Platforms = Release|Mixed Platforms
		Release|x86 = Release|x86
	EndGlobalSection
	GlobalSection(ProjectConfigurationPlatforms) = postSolution
		{565E6847-7C95-40A8-AE60-4FFACCB81321}.Debug|Any CPU.ActiveCfg = Debug|Any CPU
		{565E6847-7C95-40A8-AE60-4FFACCB81321}.Debug|Any CPU.Build.0 = Debug|Any CPU
		{565E6847-7C95-40A8-AE60-4FFACCB81321}.Debug|Mixed Platforms.ActiveCfg = Debug|Any CPU
		{565E6847-7C95-40A8-AE60-4FFACCB81321}.Debug|Mixed Platforms.Build.0 = Debug|Any CPU
		{565E6847-7C95-40A8-AE60-4FFACCB81321}.Debug|x86.ActiveCfg = Debug|Any CPU
		{565E6847-7C95-40A8-AE60-4FFACCB81321}.Release|Any CPU.ActiveCfg = Release|Any CPU
		{565E6847-7C95-40A8-AE60-4FFACCB81321}.Release|Any CPU.Build.0 = Release|Any CPU
		{565E6847-7C95-40A8-AE60-4FFACCB81321}.Release|Mixed Platforms.ActiveCfg = Release|Any CPU
		{565E6847-7C95-40A8-AE60-4FFACCB81321}.Release|Mixed Platforms.Build.0 = Release|Any CPU
		{565E6847-7C95-40A8-AE60-4FFACCB81321}.Release|x86.ActiveCfg = Release|Any CPU
		{A53850F9-4599-49A4-9182-7CC9AD889458}.Debug|Any CPU.ActiveCfg = Debug|Any CPU
		{A53850F9-4599-49A4-9182-7CC9AD889458}.Debug|Any CPU.Build.0 = Debug|Any CPU
		{A53850F9-4599-49A4-9182-7CC9AD889458}.Debug|Mixed Platforms.ActiveCfg = Debug|Any CPU
		{A53850F9-4599-49A4-9182-7CC9AD889458}.Debug|Mixed Platforms.Build.0 = Debug|Any CPU
		{A53850F9-4599-49A4-9182-7CC9AD889458}.Debug|x86.ActiveCfg = Debug|Any CPU
		{A53850F9-4599-49A4-9182-7CC9AD889458}.Release|Any CPU.ActiveCfg = Release|Any CPU
		{A53850F9-4599-49A4-9182-7CC9AD889458}.Release|Any CPU.Build.0 = Release|Any CPU
		{A53850F9-4599-49A4-9182-7CC9AD889458}.Release|Mixed Platforms.ActiveCfg = Release|Any CPU
		{A53850F9-4599-49A4-9182-7CC9AD889458}.Release|Mixed Platforms.Build.0 = Release|Any CPU
		{A53850F9-4599-49A4-9182-7CC9AD889458}.Release|x86.ActiveCfg = Release|Any CPU
		{2AE49F19-392B-4C50-A13C-F49B2579849D}.Debug|Any CPU.ActiveCfg = Debug|Any CPU
		{2AE49F19-392B-4C50-A13C-F49B2579849D}.Debug|Any CPU.Build.0 = Debug|Any CPU
		{2AE49F19-392B-4C50-A13C-F49B2579849D}.Debug|Mixed Platforms.ActiveCfg = Debug|Any CPU
		{2AE49F19-392B-4C50-A13C-F49B2579849D}.Debug|Mixed Platforms.Build.0 = Debug|Any CPU
		{2AE49F19-392B-4C50-A13C-F49B2579849D}.Debug|x86.ActiveCfg = Debug|Any CPU
		{2AE49F19-392B-4C50-A13C-F49B2579849D}.Release|Any CPU.ActiveCfg = Release|Any CPU
		{2AE49F19-392B-4C50-A13C-F49B2579849D}.Release|Any CPU.Build.0 = Release|Any CPU
		{2AE49F19-392B-4C50-A13C-F49B2579849D}.Release|Mixed Platforms.ActiveCfg = Release|Any CPU
		{2AE49F19-392B-4C50-A13C-F49B2579849D}.Release|Mixed Platforms.Build.0 = Release|Any CPU
		{2AE49F19-392B-4C50-A13C-F49B2579849D}.Release|x86.ActiveCfg = Release|Any CPU
		{D349B6D8-992F-443F-BB57-57E50DD98794}.Debug|Any CPU.ActiveCfg = Debug|Any CPU
		{D349B6D8-992F-443F-BB57-57E50DD98794}.Debug|Any CPU.Build.0 = Debug|Any CPU
		{D349B6D8-992F-443F-BB57-57E50DD98794}.Debug|Mixed Platforms.ActiveCfg = Debug|Any CPU
		{D349B6D8-992F-443F-BB57-57E50DD98794}.Debug|Mixed Platforms.Build.0 = Debug|Any CPU
		{D349B6D8-992F-443F-BB57-57E50DD98794}.Debug|x86.ActiveCfg = Debug|Any CPU
		{D349B6D8-992F-443F-BB57-57E50DD98794}.Release|Any CPU.ActiveCfg = Release|Any CPU
		{D349B6D8-992F-443F-BB57-57E50DD98794}.Release|Any CPU.Build.0 = Release|Any CPU
		{D349B6D8-992F-443F-BB57-57E50DD98794}.Release|Mixed Platforms.ActiveCfg = Release|Any CPU
		{D349B6D8-992F-443F-BB57-57E50DD98794}.Release|Mixed Platforms.Build.0 = Release|Any CPU
		{D349B6D8-992F-443F-BB57-57E50DD98794}.Release|x86.ActiveCfg = Release|Any CPU
		{A09297C8-2C40-470B-8856-D856676DDFFA}.Debug|Any CPU.ActiveCfg = Debug|Any CPU
		{A09297C8-2C40-470B-8856-D856676DDFFA}.Debug|Any CPU.Build.0 = Debug|Any CPU
		{A09297C8-2C40-470B-8856-D856676DDFFA}.Debug|Mixed Platforms.ActiveCfg = Debug|Any CPU
		{A09297C8-2C40-470B-8856-D856676DDFFA}.Debug|Mixed Platforms.Build.0 = Debug|Any CPU
		{A09297C8-2C40-470B-8856-D856676DDFFA}.Debug|x86.ActiveCfg = Debug|Any CPU
		{A09297C8-2C40-470B-8856-D856676DDFFA}.Release|Any CPU.ActiveCfg = Release|Any CPU
		{A09297C8-2C40-470B-8856-D856676DDFFA}.Release|Any CPU.Build.0 = Release|Any CPU
		{A09297C8-2C40-470B-8856-D856676DDFFA}.Release|Mixed Platforms.ActiveCfg = Release|Any CPU
		{A09297C8-2C40-470B-8856-D856676DDFFA}.Release|Mixed Platforms.Build.0 = Release|Any CPU
		{A09297C8-2C40-470B-8856-D856676DDFFA}.Release|x86.ActiveCfg = Release|Any CPU
		{6C5A1391-BC60-485D-8211-FF6BE582BC6F}.Debug|Any CPU.ActiveCfg = Debug|Any CPU
		{6C5A1391-BC60-485D-8211-FF6BE582BC6F}.Debug|Any CPU.Build.0 = Debug|Any CPU
		{6C5A1391-BC60-485D-8211-FF6BE582BC6F}.Debug|Mixed Platforms.ActiveCfg = Debug|Any CPU
		{6C5A1391-BC60-485D-8211-FF6BE582BC6F}.Debug|Mixed Platforms.Build.0 = Debug|Any CPU
		{6C5A1391-BC60-485D-8211-FF6BE582BC6F}.Debug|x86.ActiveCfg = Debug|Any CPU
		{6C5A1391-BC60-485D-8211-FF6BE582BC6F}.Release|Any CPU.ActiveCfg = Release|Any CPU
		{6C5A1391-BC60-485D-8211-FF6BE582BC6F}.Release|Any CPU.Build.0 = Release|Any CPU
		{6C5A1391-BC60-485D-8211-FF6BE582BC6F}.Release|Mixed Platforms.ActiveCfg = Release|Any CPU
		{6C5A1391-BC60-485D-8211-FF6BE582BC6F}.Release|Mixed Platforms.Build.0 = Release|Any CPU
		{6C5A1391-BC60-485D-8211-FF6BE582BC6F}.Release|x86.ActiveCfg = Release|Any CPU
		{EF1EE812-6FE9-4ECE-9BCD-4507CFE577D2}.Debug|Any CPU.ActiveCfg = Debug|Any CPU
		{EF1EE812-6FE9-4ECE-9BCD-4507CFE577D2}.Debug|Any CPU.Build.0 = Debug|Any CPU
		{EF1EE812-6FE9-4ECE-9BCD-4507CFE577D2}.Debug|Mixed Platforms.ActiveCfg = Debug|Any CPU
		{EF1EE812-6FE9-4ECE-9BCD-4507CFE577D2}.Debug|Mixed Platforms.Build.0 = Debug|Any CPU
		{EF1EE812-6FE9-4ECE-9BCD-4507CFE577D2}.Debug|x86.ActiveCfg = Debug|Any CPU
		{EF1EE812-6FE9-4ECE-9BCD-4507CFE577D2}.Release|Any CPU.ActiveCfg = Release|Any CPU
		{EF1EE812-6FE9-4ECE-9BCD-4507CFE577D2}.Release|Any CPU.Build.0 = Release|Any CPU
		{EF1EE812-6FE9-4ECE-9BCD-4507CFE577D2}.Release|Mixed Platforms.ActiveCfg = Release|Any CPU
		{EF1EE812-6FE9-4ECE-9BCD-4507CFE577D2}.Release|Mixed Platforms.Build.0 = Release|Any CPU
		{EF1EE812-6FE9-4ECE-9BCD-4507CFE577D2}.Release|x86.ActiveCfg = Release|Any CPU
		{0D76ACC1-B717-446B-94A5-243D6F534010}.Debug|Any CPU.ActiveCfg = Debug|Any CPU
		{0D76ACC1-B717-446B-94A5-243D6F534010}.Debug|Any CPU.Build.0 = Debug|Any CPU
		{0D76ACC1-B717-446B-94A5-243D6F534010}.Debug|Mixed Platforms.ActiveCfg = Debug|Any CPU
		{0D76ACC1-B717-446B-94A5-243D6F534010}.Debug|Mixed Platforms.Build.0 = Debug|Any CPU
		{0D76ACC1-B717-446B-94A5-243D6F534010}.Debug|x86.ActiveCfg = Debug|Any CPU
		{0D76ACC1-B717-446B-94A5-243D6F534010}.Release|Any CPU.ActiveCfg = Release|Any CPU
		{0D76ACC1-B717-446B-94A5-243D6F534010}.Release|Any CPU.Build.0 = Release|Any CPU
		{0D76ACC1-B717-446B-94A5-243D6F534010}.Release|Mixed Platforms.ActiveCfg = Release|Any CPU
		{0D76ACC1-B717-446B-94A5-243D6F534010}.Release|Mixed Platforms.Build.0 = Release|Any CPU
		{0D76ACC1-B717-446B-94A5-243D6F534010}.Release|x86.ActiveCfg = Release|Any CPU
		{DDBB4D77-2FE7-4C27-BD10-64A4DD393516}.Debug|Any CPU.ActiveCfg = Debug|Any CPU
		{DDBB4D77-2FE7-4C27-BD10-64A4DD393516}.Debug|Any CPU.Build.0 = Debug|Any CPU
		{DDBB4D77-2FE7-4C27-BD10-64A4DD393516}.Debug|Mixed Platforms.ActiveCfg = Debug|Any CPU
		{DDBB4D77-2FE7-4C27-BD10-64A4DD393516}.Debug|Mixed Platforms.Build.0 = Debug|Any CPU
		{DDBB4D77-2FE7-4C27-BD10-64A4DD393516}.Debug|x86.ActiveCfg = Debug|Any CPU
		{DDBB4D77-2FE7-4C27-BD10-64A4DD393516}.Release|Any CPU.ActiveCfg = Release|Any CPU
		{DDBB4D77-2FE7-4C27-BD10-64A4DD393516}.Release|Any CPU.Build.0 = Release|Any CPU
		{DDBB4D77-2FE7-4C27-BD10-64A4DD393516}.Release|Mixed Platforms.ActiveCfg = Release|Any CPU
		{DDBB4D77-2FE7-4C27-BD10-64A4DD393516}.Release|Mixed Platforms.Build.0 = Release|Any CPU
		{DDBB4D77-2FE7-4C27-BD10-64A4DD393516}.Release|x86.ActiveCfg = Release|Any CPU
		{A45CA5E3-6476-4ACF-B454-91036A712414}.Debug|Any CPU.ActiveCfg = Debug|Any CPU
		{A45CA5E3-6476-4ACF-B454-91036A712414}.Debug|Any CPU.Build.0 = Debug|Any CPU
		{A45CA5E3-6476-4ACF-B454-91036A712414}.Debug|Mixed Platforms.ActiveCfg = Debug|Any CPU
		{A45CA5E3-6476-4ACF-B454-91036A712414}.Debug|Mixed Platforms.Build.0 = Debug|Any CPU
		{A45CA5E3-6476-4ACF-B454-91036A712414}.Debug|x86.ActiveCfg = Debug|Any CPU
		{A45CA5E3-6476-4ACF-B454-91036A712414}.Release|Any CPU.ActiveCfg = Release|Any CPU
		{A45CA5E3-6476-4ACF-B454-91036A712414}.Release|Any CPU.Build.0 = Release|Any CPU
		{A45CA5E3-6476-4ACF-B454-91036A712414}.Release|Mixed Platforms.ActiveCfg = Release|Any CPU
		{A45CA5E3-6476-4ACF-B454-91036A712414}.Release|Mixed Platforms.Build.0 = Release|Any CPU
		{A45CA5E3-6476-4ACF-B454-91036A712414}.Release|x86.ActiveCfg = Release|Any CPU
		{A0C22DD5-6D5C-413B-911E-5F2E497043BB}.Debug|Any CPU.ActiveCfg = Debug|Any CPU
		{A0C22DD5-6D5C-413B-911E-5F2E497043BB}.Debug|Any CPU.Build.0 = Debug|Any CPU
		{A0C22DD5-6D5C-413B-911E-5F2E497043BB}.Debug|Mixed Platforms.ActiveCfg = Debug|Any CPU
		{A0C22DD5-6D5C-413B-911E-5F2E497043BB}.Debug|Mixed Platforms.Build.0 = Debug|Any CPU
		{A0C22DD5-6D5C-413B-911E-5F2E497043BB}.Debug|x86.ActiveCfg = Debug|Any CPU
		{A0C22DD5-6D5C-413B-911E-5F2E497043BB}.Release|Any CPU.ActiveCfg = Release|Any CPU
		{A0C22DD5-6D5C-413B-911E-5F2E497043BB}.Release|Any CPU.Build.0 = Release|Any CPU
		{A0C22DD5-6D5C-413B-911E-5F2E497043BB}.Release|Mixed Platforms.ActiveCfg = Release|Any CPU
		{A0C22DD5-6D5C-413B-911E-5F2E497043BB}.Release|Mixed Platforms.Build.0 = Release|Any CPU
		{A0C22DD5-6D5C-413B-911E-5F2E497043BB}.Release|x86.ActiveCfg = Release|Any CPU
		{BC691168-09FC-4667-ACA1-C5734F039FEC}.Debug|Any CPU.ActiveCfg = Debug|Any CPU
		{BC691168-09FC-4667-ACA1-C5734F039FEC}.Debug|Any CPU.Build.0 = Debug|Any CPU
		{BC691168-09FC-4667-ACA1-C5734F039FEC}.Debug|Mixed Platforms.ActiveCfg = Debug|Any CPU
		{BC691168-09FC-4667-ACA1-C5734F039FEC}.Debug|Mixed Platforms.Build.0 = Debug|Any CPU
		{BC691168-09FC-4667-ACA1-C5734F039FEC}.Debug|x86.ActiveCfg = Debug|Any CPU
		{BC691168-09FC-4667-ACA1-C5734F039FEC}.Release|Any CPU.ActiveCfg = Release|Any CPU
		{BC691168-09FC-4667-ACA1-C5734F039FEC}.Release|Any CPU.Build.0 = Release|Any CPU
		{BC691168-09FC-4667-ACA1-C5734F039FEC}.Release|Mixed Platforms.ActiveCfg = Release|Any CPU
		{BC691168-09FC-4667-ACA1-C5734F039FEC}.Release|Mixed Platforms.Build.0 = Release|Any CPU
		{BC691168-09FC-4667-ACA1-C5734F039FEC}.Release|x86.ActiveCfg = Release|Any CPU
		{CE0BD0D7-7982-4212-ADFA-DC60A819DB96}.Debug|Any CPU.ActiveCfg = Debug|Any CPU
		{CE0BD0D7-7982-4212-ADFA-DC60A819DB96}.Debug|Any CPU.Build.0 = Debug|Any CPU
		{CE0BD0D7-7982-4212-ADFA-DC60A819DB96}.Debug|Mixed Platforms.ActiveCfg = Debug|Any CPU
		{CE0BD0D7-7982-4212-ADFA-DC60A819DB96}.Debug|Mixed Platforms.Build.0 = Debug|Any CPU
		{CE0BD0D7-7982-4212-ADFA-DC60A819DB96}.Debug|x86.ActiveCfg = Debug|Any CPU
		{CE0BD0D7-7982-4212-ADFA-DC60A819DB96}.Release|Any CPU.ActiveCfg = Release|Any CPU
		{CE0BD0D7-7982-4212-ADFA-DC60A819DB96}.Release|Any CPU.Build.0 = Release|Any CPU
		{CE0BD0D7-7982-4212-ADFA-DC60A819DB96}.Release|Mixed Platforms.ActiveCfg = Release|Any CPU
		{CE0BD0D7-7982-4212-ADFA-DC60A819DB96}.Release|Mixed Platforms.Build.0 = Release|Any CPU
		{CE0BD0D7-7982-4212-ADFA-DC60A819DB96}.Release|x86.ActiveCfg = Release|Any CPU
		{99D8D50E-3A79-49A3-BD56-6B9CF4FA0AE3}.Debug|Any CPU.ActiveCfg = Debug|Any CPU
		{99D8D50E-3A79-49A3-BD56-6B9CF4FA0AE3}.Debug|Any CPU.Build.0 = Debug|Any CPU
		{99D8D50E-3A79-49A3-BD56-6B9CF4FA0AE3}.Debug|Mixed Platforms.ActiveCfg = Debug|Any CPU
		{99D8D50E-3A79-49A3-BD56-6B9CF4FA0AE3}.Debug|Mixed Platforms.Build.0 = Debug|Any CPU
		{99D8D50E-3A79-49A3-BD56-6B9CF4FA0AE3}.Debug|x86.ActiveCfg = Debug|Any CPU
		{99D8D50E-3A79-49A3-BD56-6B9CF4FA0AE3}.Release|Any CPU.ActiveCfg = Release|Any CPU
		{99D8D50E-3A79-49A3-BD56-6B9CF4FA0AE3}.Release|Any CPU.Build.0 = Release|Any CPU
		{99D8D50E-3A79-49A3-BD56-6B9CF4FA0AE3}.Release|Mixed Platforms.ActiveCfg = Release|Any CPU
		{99D8D50E-3A79-49A3-BD56-6B9CF4FA0AE3}.Release|Mixed Platforms.Build.0 = Release|Any CPU
		{99D8D50E-3A79-49A3-BD56-6B9CF4FA0AE3}.Release|x86.ActiveCfg = Release|Any CPU
		{74C77203-C672-4722-A182-8600ED08CC65}.Debug|Any CPU.ActiveCfg = Debug|Any CPU
		{74C77203-C672-4722-A182-8600ED08CC65}.Debug|Any CPU.Build.0 = Debug|Any CPU
		{74C77203-C672-4722-A182-8600ED08CC65}.Debug|Mixed Platforms.ActiveCfg = Debug|Any CPU
		{74C77203-C672-4722-A182-8600ED08CC65}.Debug|Mixed Platforms.Build.0 = Debug|Any CPU
		{74C77203-C672-4722-A182-8600ED08CC65}.Debug|x86.ActiveCfg = Debug|Any CPU
		{74C77203-C672-4722-A182-8600ED08CC65}.Release|Any CPU.ActiveCfg = Release|Any CPU
		{74C77203-C672-4722-A182-8600ED08CC65}.Release|Any CPU.Build.0 = Release|Any CPU
		{74C77203-C672-4722-A182-8600ED08CC65}.Release|Mixed Platforms.ActiveCfg = Release|Any CPU
		{74C77203-C672-4722-A182-8600ED08CC65}.Release|Mixed Platforms.Build.0 = Release|Any CPU
		{74C77203-C672-4722-A182-8600ED08CC65}.Release|x86.ActiveCfg = Release|Any CPU
		{70F66CA0-F76D-49A9-BB39-DC43B8710C76}.Debug|Any CPU.ActiveCfg = Debug|Any CPU
		{70F66CA0-F76D-49A9-BB39-DC43B8710C76}.Debug|Any CPU.Build.0 = Debug|Any CPU
		{70F66CA0-F76D-49A9-BB39-DC43B8710C76}.Debug|Mixed Platforms.ActiveCfg = Debug|Any CPU
		{70F66CA0-F76D-49A9-BB39-DC43B8710C76}.Debug|Mixed Platforms.Build.0 = Debug|Any CPU
		{70F66CA0-F76D-49A9-BB39-DC43B8710C76}.Debug|x86.ActiveCfg = Debug|Any CPU
		{70F66CA0-F76D-49A9-BB39-DC43B8710C76}.Release|Any CPU.ActiveCfg = Release|Any CPU
		{70F66CA0-F76D-49A9-BB39-DC43B8710C76}.Release|Any CPU.Build.0 = Release|Any CPU
		{70F66CA0-F76D-49A9-BB39-DC43B8710C76}.Release|Mixed Platforms.ActiveCfg = Release|Any CPU
		{70F66CA0-F76D-49A9-BB39-DC43B8710C76}.Release|Mixed Platforms.Build.0 = Release|Any CPU
		{70F66CA0-F76D-49A9-BB39-DC43B8710C76}.Release|x86.ActiveCfg = Release|Any CPU
		{31C9E8DA-CD24-42C8-BA9B-B8D46D6C1F7E}.Debug|Any CPU.ActiveCfg = Debug|Any CPU
		{31C9E8DA-CD24-42C8-BA9B-B8D46D6C1F7E}.Debug|Any CPU.Build.0 = Debug|Any CPU
		{31C9E8DA-CD24-42C8-BA9B-B8D46D6C1F7E}.Debug|Mixed Platforms.ActiveCfg = Debug|Any CPU
		{31C9E8DA-CD24-42C8-BA9B-B8D46D6C1F7E}.Debug|Mixed Platforms.Build.0 = Debug|Any CPU
		{31C9E8DA-CD24-42C8-BA9B-B8D46D6C1F7E}.Debug|x86.ActiveCfg = Debug|Any CPU
		{31C9E8DA-CD24-42C8-BA9B-B8D46D6C1F7E}.Release|Any CPU.ActiveCfg = Release|Any CPU
		{31C9E8DA-CD24-42C8-BA9B-B8D46D6C1F7E}.Release|Any CPU.Build.0 = Release|Any CPU
		{31C9E8DA-CD24-42C8-BA9B-B8D46D6C1F7E}.Release|Mixed Platforms.ActiveCfg = Release|Any CPU
		{31C9E8DA-CD24-42C8-BA9B-B8D46D6C1F7E}.Release|Mixed Platforms.Build.0 = Release|Any CPU
		{31C9E8DA-CD24-42C8-BA9B-B8D46D6C1F7E}.Release|x86.ActiveCfg = Release|Any CPU
		{D090B4B7-1C0E-4D3E-B9B8-260514890E60}.Debug|Any CPU.ActiveCfg = Debug|Any CPU
		{D090B4B7-1C0E-4D3E-B9B8-260514890E60}.Debug|Any CPU.Build.0 = Debug|Any CPU
		{D090B4B7-1C0E-4D3E-B9B8-260514890E60}.Debug|Mixed Platforms.ActiveCfg = Debug|Any CPU
		{D090B4B7-1C0E-4D3E-B9B8-260514890E60}.Debug|Mixed Platforms.Build.0 = Debug|Any CPU
		{D090B4B7-1C0E-4D3E-B9B8-260514890E60}.Debug|x86.ActiveCfg = Debug|Any CPU
		{D090B4B7-1C0E-4D3E-B9B8-260514890E60}.Release|Any CPU.ActiveCfg = Release|Any CPU
		{D090B4B7-1C0E-4D3E-B9B8-260514890E60}.Release|Any CPU.Build.0 = Release|Any CPU
		{D090B4B7-1C0E-4D3E-B9B8-260514890E60}.Release|Mixed Platforms.ActiveCfg = Release|Any CPU
		{D090B4B7-1C0E-4D3E-B9B8-260514890E60}.Release|Mixed Platforms.Build.0 = Release|Any CPU
		{D090B4B7-1C0E-4D3E-B9B8-260514890E60}.Release|x86.ActiveCfg = Release|Any CPU
		{C6445B39-080F-4C2F-BCBB-AE7A976E0CA0}.Debug|Any CPU.ActiveCfg = Debug|Any CPU
		{C6445B39-080F-4C2F-BCBB-AE7A976E0CA0}.Debug|Any CPU.Build.0 = Debug|Any CPU
		{C6445B39-080F-4C2F-BCBB-AE7A976E0CA0}.Debug|Mixed Platforms.ActiveCfg = Debug|Any CPU
		{C6445B39-080F-4C2F-BCBB-AE7A976E0CA0}.Debug|Mixed Platforms.Build.0 = Debug|Any CPU
		{C6445B39-080F-4C2F-BCBB-AE7A976E0CA0}.Debug|x86.ActiveCfg = Debug|Any CPU
		{C6445B39-080F-4C2F-BCBB-AE7A976E0CA0}.Release|Any CPU.ActiveCfg = Release|Any CPU
		{C6445B39-080F-4C2F-BCBB-AE7A976E0CA0}.Release|Any CPU.Build.0 = Release|Any CPU
		{C6445B39-080F-4C2F-BCBB-AE7A976E0CA0}.Release|Mixed Platforms.ActiveCfg = Release|Any CPU
		{C6445B39-080F-4C2F-BCBB-AE7A976E0CA0}.Release|Mixed Platforms.Build.0 = Release|Any CPU
		{C6445B39-080F-4C2F-BCBB-AE7A976E0CA0}.Release|x86.ActiveCfg = Release|Any CPU
		{C033698E-F931-4762-B38D-59749B017260}.Debug|Any CPU.ActiveCfg = Debug|Any CPU
		{C033698E-F931-4762-B38D-59749B017260}.Debug|Any CPU.Build.0 = Debug|Any CPU
		{C033698E-F931-4762-B38D-59749B017260}.Debug|Mixed Platforms.ActiveCfg = Debug|Any CPU
		{C033698E-F931-4762-B38D-59749B017260}.Debug|Mixed Platforms.Build.0 = Debug|Any CPU
		{C033698E-F931-4762-B38D-59749B017260}.Debug|x86.ActiveCfg = Debug|Any CPU
		{C033698E-F931-4762-B38D-59749B017260}.Release|Any CPU.ActiveCfg = Release|Any CPU
		{C033698E-F931-4762-B38D-59749B017260}.Release|Any CPU.Build.0 = Release|Any CPU
		{C033698E-F931-4762-B38D-59749B017260}.Release|Mixed Platforms.ActiveCfg = Release|Any CPU
		{C033698E-F931-4762-B38D-59749B017260}.Release|Mixed Platforms.Build.0 = Release|Any CPU
		{C033698E-F931-4762-B38D-59749B017260}.Release|x86.ActiveCfg = Release|Any CPU
		{5F49F5D6-00EB-4460-9B6B-609979C2E774}.Debug|Any CPU.ActiveCfg = Debug|Any CPU
		{5F49F5D6-00EB-4460-9B6B-609979C2E774}.Debug|Any CPU.Build.0 = Debug|Any CPU
		{5F49F5D6-00EB-4460-9B6B-609979C2E774}.Debug|Mixed Platforms.ActiveCfg = Debug|Any CPU
		{5F49F5D6-00EB-4460-9B6B-609979C2E774}.Debug|Mixed Platforms.Build.0 = Debug|Any CPU
		{5F49F5D6-00EB-4460-9B6B-609979C2E774}.Debug|x86.ActiveCfg = Debug|Any CPU
		{5F49F5D6-00EB-4460-9B6B-609979C2E774}.Release|Any CPU.ActiveCfg = Release|Any CPU
		{5F49F5D6-00EB-4460-9B6B-609979C2E774}.Release|Any CPU.Build.0 = Release|Any CPU
		{5F49F5D6-00EB-4460-9B6B-609979C2E774}.Release|Mixed Platforms.ActiveCfg = Release|Any CPU
		{5F49F5D6-00EB-4460-9B6B-609979C2E774}.Release|Mixed Platforms.Build.0 = Release|Any CPU
		{5F49F5D6-00EB-4460-9B6B-609979C2E774}.Release|x86.ActiveCfg = Release|Any CPU
		{C3854989-A4AE-4201-B208-2FF22349BCAF}.Debug|Any CPU.ActiveCfg = Debug|Any CPU
		{C3854989-A4AE-4201-B208-2FF22349BCAF}.Debug|Any CPU.Build.0 = Debug|Any CPU
		{C3854989-A4AE-4201-B208-2FF22349BCAF}.Debug|Mixed Platforms.ActiveCfg = Debug|Any CPU
		{C3854989-A4AE-4201-B208-2FF22349BCAF}.Debug|Mixed Platforms.Build.0 = Debug|Any CPU
		{C3854989-A4AE-4201-B208-2FF22349BCAF}.Debug|x86.ActiveCfg = Debug|Any CPU
		{C3854989-A4AE-4201-B208-2FF22349BCAF}.Release|Any CPU.ActiveCfg = Release|Any CPU
		{C3854989-A4AE-4201-B208-2FF22349BCAF}.Release|Any CPU.Build.0 = Release|Any CPU
		{C3854989-A4AE-4201-B208-2FF22349BCAF}.Release|Mixed Platforms.ActiveCfg = Release|Any CPU
		{C3854989-A4AE-4201-B208-2FF22349BCAF}.Release|Mixed Platforms.Build.0 = Release|Any CPU
		{C3854989-A4AE-4201-B208-2FF22349BCAF}.Release|x86.ActiveCfg = Release|Any CPU
		{B4CCD334-66A0-42AD-BABE-F583D9FBBEED}.Debug|Any CPU.ActiveCfg = Debug|Any CPU
		{B4CCD334-66A0-42AD-BABE-F583D9FBBEED}.Debug|Any CPU.Build.0 = Debug|Any CPU
		{B4CCD334-66A0-42AD-BABE-F583D9FBBEED}.Debug|Mixed Platforms.ActiveCfg = Debug|Any CPU
		{B4CCD334-66A0-42AD-BABE-F583D9FBBEED}.Debug|Mixed Platforms.Build.0 = Debug|Any CPU
		{B4CCD334-66A0-42AD-BABE-F583D9FBBEED}.Debug|x86.ActiveCfg = Debug|Any CPU
		{B4CCD334-66A0-42AD-BABE-F583D9FBBEED}.Release|Any CPU.ActiveCfg = Release|Any CPU
		{B4CCD334-66A0-42AD-BABE-F583D9FBBEED}.Release|Any CPU.Build.0 = Release|Any CPU
		{B4CCD334-66A0-42AD-BABE-F583D9FBBEED}.Release|Mixed Platforms.ActiveCfg = Release|Any CPU
		{B4CCD334-66A0-42AD-BABE-F583D9FBBEED}.Release|Mixed Platforms.Build.0 = Release|Any CPU
		{B4CCD334-66A0-42AD-BABE-F583D9FBBEED}.Release|x86.ActiveCfg = Release|Any CPU
		{8791667C-AAF4-4132-B140-3885C789D040}.Debug|Any CPU.ActiveCfg = Debug|Any CPU
		{8791667C-AAF4-4132-B140-3885C789D040}.Debug|Any CPU.Build.0 = Debug|Any CPU
		{8791667C-AAF4-4132-B140-3885C789D040}.Debug|Mixed Platforms.ActiveCfg = Debug|Any CPU
		{8791667C-AAF4-4132-B140-3885C789D040}.Debug|Mixed Platforms.Build.0 = Debug|Any CPU
		{8791667C-AAF4-4132-B140-3885C789D040}.Debug|x86.ActiveCfg = Debug|Any CPU
		{8791667C-AAF4-4132-B140-3885C789D040}.Release|Any CPU.ActiveCfg = Release|Any CPU
		{8791667C-AAF4-4132-B140-3885C789D040}.Release|Any CPU.Build.0 = Release|Any CPU
		{8791667C-AAF4-4132-B140-3885C789D040}.Release|Mixed Platforms.ActiveCfg = Release|Any CPU
		{8791667C-AAF4-4132-B140-3885C789D040}.Release|Mixed Platforms.Build.0 = Release|Any CPU
		{8791667C-AAF4-4132-B140-3885C789D040}.Release|x86.ActiveCfg = Release|Any CPU
		{901F75B7-A92B-42B5-92AD-6381AEA39AA2}.Debug|Any CPU.ActiveCfg = Debug|Any CPU
		{901F75B7-A92B-42B5-92AD-6381AEA39AA2}.Debug|Any CPU.Build.0 = Debug|Any CPU
		{901F75B7-A92B-42B5-92AD-6381AEA39AA2}.Debug|Mixed Platforms.ActiveCfg = Debug|Any CPU
		{901F75B7-A92B-42B5-92AD-6381AEA39AA2}.Debug|Mixed Platforms.Build.0 = Debug|Any CPU
		{901F75B7-A92B-42B5-92AD-6381AEA39AA2}.Debug|x86.ActiveCfg = Debug|Any CPU
		{901F75B7-A92B-42B5-92AD-6381AEA39AA2}.Release|Any CPU.ActiveCfg = Release|Any CPU
		{901F75B7-A92B-42B5-92AD-6381AEA39AA2}.Release|Any CPU.Build.0 = Release|Any CPU
		{901F75B7-A92B-42B5-92AD-6381AEA39AA2}.Release|Mixed Platforms.ActiveCfg = Release|Any CPU
		{901F75B7-A92B-42B5-92AD-6381AEA39AA2}.Release|Mixed Platforms.Build.0 = Release|Any CPU
		{901F75B7-A92B-42B5-92AD-6381AEA39AA2}.Release|x86.ActiveCfg = Release|Any CPU
		{3982436F-2AD1-43EB-8AD6-894DC068ACE0}.Debug|Any CPU.ActiveCfg = Debug|Any CPU
		{3982436F-2AD1-43EB-8AD6-894DC068ACE0}.Debug|Any CPU.Build.0 = Debug|Any CPU
		{3982436F-2AD1-43EB-8AD6-894DC068ACE0}.Debug|Mixed Platforms.ActiveCfg = Debug|Any CPU
		{3982436F-2AD1-43EB-8AD6-894DC068ACE0}.Debug|Mixed Platforms.Build.0 = Debug|Any CPU
		{3982436F-2AD1-43EB-8AD6-894DC068ACE0}.Debug|x86.ActiveCfg = Debug|Any CPU
		{3982436F-2AD1-43EB-8AD6-894DC068ACE0}.Release|Any CPU.ActiveCfg = Release|Any CPU
		{3982436F-2AD1-43EB-8AD6-894DC068ACE0}.Release|Any CPU.Build.0 = Release|Any CPU
		{3982436F-2AD1-43EB-8AD6-894DC068ACE0}.Release|Mixed Platforms.ActiveCfg = Release|Any CPU
		{3982436F-2AD1-43EB-8AD6-894DC068ACE0}.Release|Mixed Platforms.Build.0 = Release|Any CPU
		{3982436F-2AD1-43EB-8AD6-894DC068ACE0}.Release|x86.ActiveCfg = Release|Any CPU
		{A3921366-C7E8-4B81-BB17-4C5DF41CB2D5}.Debug|Any CPU.ActiveCfg = Debug|Any CPU
		{A3921366-C7E8-4B81-BB17-4C5DF41CB2D5}.Debug|Any CPU.Build.0 = Debug|Any CPU
		{A3921366-C7E8-4B81-BB17-4C5DF41CB2D5}.Debug|Mixed Platforms.ActiveCfg = Debug|Any CPU
		{A3921366-C7E8-4B81-BB17-4C5DF41CB2D5}.Debug|Mixed Platforms.Build.0 = Debug|Any CPU
		{A3921366-C7E8-4B81-BB17-4C5DF41CB2D5}.Debug|x86.ActiveCfg = Debug|Any CPU
		{A3921366-C7E8-4B81-BB17-4C5DF41CB2D5}.Release|Any CPU.ActiveCfg = Release|Any CPU
		{A3921366-C7E8-4B81-BB17-4C5DF41CB2D5}.Release|Any CPU.Build.0 = Release|Any CPU
		{A3921366-C7E8-4B81-BB17-4C5DF41CB2D5}.Release|Mixed Platforms.ActiveCfg = Release|Any CPU
		{A3921366-C7E8-4B81-BB17-4C5DF41CB2D5}.Release|Mixed Platforms.Build.0 = Release|Any CPU
		{A3921366-C7E8-4B81-BB17-4C5DF41CB2D5}.Release|x86.ActiveCfg = Release|Any CPU
		{34865C35-7578-4D1C-BEF3-2A8056B8B275}.Debug|Any CPU.ActiveCfg = Debug|Any CPU
		{34865C35-7578-4D1C-BEF3-2A8056B8B275}.Debug|Any CPU.Build.0 = Debug|Any CPU
		{34865C35-7578-4D1C-BEF3-2A8056B8B275}.Debug|Mixed Platforms.ActiveCfg = Debug|Any CPU
		{34865C35-7578-4D1C-BEF3-2A8056B8B275}.Debug|Mixed Platforms.Build.0 = Debug|Any CPU
		{34865C35-7578-4D1C-BEF3-2A8056B8B275}.Debug|x86.ActiveCfg = Debug|Any CPU
		{34865C35-7578-4D1C-BEF3-2A8056B8B275}.Release|Any CPU.ActiveCfg = Release|Any CPU
		{34865C35-7578-4D1C-BEF3-2A8056B8B275}.Release|Any CPU.Build.0 = Release|Any CPU
		{34865C35-7578-4D1C-BEF3-2A8056B8B275}.Release|Mixed Platforms.ActiveCfg = Release|Any CPU
		{34865C35-7578-4D1C-BEF3-2A8056B8B275}.Release|Mixed Platforms.Build.0 = Release|Any CPU
		{34865C35-7578-4D1C-BEF3-2A8056B8B275}.Release|x86.ActiveCfg = Release|Any CPU
		{FB9F2989-644D-4986-8633-64D357849EB2}.Debug|Any CPU.ActiveCfg = Debug|Any CPU
		{FB9F2989-644D-4986-8633-64D357849EB2}.Debug|Any CPU.Build.0 = Debug|Any CPU
		{FB9F2989-644D-4986-8633-64D357849EB2}.Debug|Mixed Platforms.ActiveCfg = Debug|Any CPU
		{FB9F2989-644D-4986-8633-64D357849EB2}.Debug|Mixed Platforms.Build.0 = Debug|Any CPU
		{FB9F2989-644D-4986-8633-64D357849EB2}.Debug|x86.ActiveCfg = Debug|Any CPU
		{FB9F2989-644D-4986-8633-64D357849EB2}.Release|Any CPU.ActiveCfg = Release|Any CPU
		{FB9F2989-644D-4986-8633-64D357849EB2}.Release|Any CPU.Build.0 = Release|Any CPU
		{FB9F2989-644D-4986-8633-64D357849EB2}.Release|Mixed Platforms.ActiveCfg = Release|Any CPU
		{FB9F2989-644D-4986-8633-64D357849EB2}.Release|Mixed Platforms.Build.0 = Release|Any CPU
		{FB9F2989-644D-4986-8633-64D357849EB2}.Release|x86.ActiveCfg = Release|Any CPU
		{437773A8-7FA3-4C9F-8AD3-AA43B37E7BB5}.Debug|Any CPU.ActiveCfg = Debug|Any CPU
		{437773A8-7FA3-4C9F-8AD3-AA43B37E7BB5}.Debug|Any CPU.Build.0 = Debug|Any CPU
		{437773A8-7FA3-4C9F-8AD3-AA43B37E7BB5}.Debug|Mixed Platforms.ActiveCfg = Debug|Any CPU
		{437773A8-7FA3-4C9F-8AD3-AA43B37E7BB5}.Debug|Mixed Platforms.Build.0 = Debug|Any CPU
		{437773A8-7FA3-4C9F-8AD3-AA43B37E7BB5}.Debug|x86.ActiveCfg = Debug|Any CPU
		{437773A8-7FA3-4C9F-8AD3-AA43B37E7BB5}.Release|Any CPU.ActiveCfg = Release|Any CPU
		{437773A8-7FA3-4C9F-8AD3-AA43B37E7BB5}.Release|Any CPU.Build.0 = Release|Any CPU
		{437773A8-7FA3-4C9F-8AD3-AA43B37E7BB5}.Release|Mixed Platforms.ActiveCfg = Release|Any CPU
		{437773A8-7FA3-4C9F-8AD3-AA43B37E7BB5}.Release|Mixed Platforms.Build.0 = Release|Any CPU
		{437773A8-7FA3-4C9F-8AD3-AA43B37E7BB5}.Release|x86.ActiveCfg = Release|Any CPU
		{0A6A77D8-86A1-4A6D-8BC1-D583C6915623}.Debug|Any CPU.ActiveCfg = Debug|Any CPU
		{0A6A77D8-86A1-4A6D-8BC1-D583C6915623}.Debug|Any CPU.Build.0 = Debug|Any CPU
		{0A6A77D8-86A1-4A6D-8BC1-D583C6915623}.Debug|Mixed Platforms.ActiveCfg = Debug|Any CPU
		{0A6A77D8-86A1-4A6D-8BC1-D583C6915623}.Debug|Mixed Platforms.Build.0 = Debug|Any CPU
		{0A6A77D8-86A1-4A6D-8BC1-D583C6915623}.Debug|x86.ActiveCfg = Debug|Any CPU
		{0A6A77D8-86A1-4A6D-8BC1-D583C6915623}.Release|Any CPU.ActiveCfg = Release|Any CPU
		{0A6A77D8-86A1-4A6D-8BC1-D583C6915623}.Release|Any CPU.Build.0 = Release|Any CPU
		{0A6A77D8-86A1-4A6D-8BC1-D583C6915623}.Release|Mixed Platforms.ActiveCfg = Release|Any CPU
		{0A6A77D8-86A1-4A6D-8BC1-D583C6915623}.Release|Mixed Platforms.Build.0 = Release|Any CPU
		{0A6A77D8-86A1-4A6D-8BC1-D583C6915623}.Release|x86.ActiveCfg = Release|Any CPU
		{C59112DC-0F4E-44CA-8567-1FF476797F12}.Debug|Any CPU.ActiveCfg = Debug|Any CPU
		{C59112DC-0F4E-44CA-8567-1FF476797F12}.Debug|Any CPU.Build.0 = Debug|Any CPU
		{C59112DC-0F4E-44CA-8567-1FF476797F12}.Debug|Mixed Platforms.ActiveCfg = Debug|Any CPU
		{C59112DC-0F4E-44CA-8567-1FF476797F12}.Debug|Mixed Platforms.Build.0 = Debug|Any CPU
		{C59112DC-0F4E-44CA-8567-1FF476797F12}.Debug|x86.ActiveCfg = Debug|Any CPU
		{C59112DC-0F4E-44CA-8567-1FF476797F12}.Release|Any CPU.ActiveCfg = Release|Any CPU
		{C59112DC-0F4E-44CA-8567-1FF476797F12}.Release|Any CPU.Build.0 = Release|Any CPU
		{C59112DC-0F4E-44CA-8567-1FF476797F12}.Release|Mixed Platforms.ActiveCfg = Release|Any CPU
		{C59112DC-0F4E-44CA-8567-1FF476797F12}.Release|Mixed Platforms.Build.0 = Release|Any CPU
		{C59112DC-0F4E-44CA-8567-1FF476797F12}.Release|x86.ActiveCfg = Release|Any CPU
		{6ED2D45D-499C-4F81-975E-A936B4DCF8B5}.Debug|Any CPU.ActiveCfg = Debug|Any CPU
		{6ED2D45D-499C-4F81-975E-A936B4DCF8B5}.Debug|Any CPU.Build.0 = Debug|Any CPU
		{6ED2D45D-499C-4F81-975E-A936B4DCF8B5}.Debug|Mixed Platforms.ActiveCfg = Debug|Any CPU
		{6ED2D45D-499C-4F81-975E-A936B4DCF8B5}.Debug|Mixed Platforms.Build.0 = Debug|Any CPU
		{6ED2D45D-499C-4F81-975E-A936B4DCF8B5}.Debug|x86.ActiveCfg = Debug|Any CPU
		{6ED2D45D-499C-4F81-975E-A936B4DCF8B5}.Release|Any CPU.ActiveCfg = Release|Any CPU
		{6ED2D45D-499C-4F81-975E-A936B4DCF8B5}.Release|Any CPU.Build.0 = Release|Any CPU
		{6ED2D45D-499C-4F81-975E-A936B4DCF8B5}.Release|Mixed Platforms.ActiveCfg = Release|Any CPU
		{6ED2D45D-499C-4F81-975E-A936B4DCF8B5}.Release|Mixed Platforms.Build.0 = Release|Any CPU
		{6ED2D45D-499C-4F81-975E-A936B4DCF8B5}.Release|x86.ActiveCfg = Release|Any CPU
		{A5E25D5C-5ADD-44A5-9DF4-5931854A4E73}.Debug|Any CPU.ActiveCfg = Debug|Any CPU
		{A5E25D5C-5ADD-44A5-9DF4-5931854A4E73}.Debug|Any CPU.Build.0 = Debug|Any CPU
		{A5E25D5C-5ADD-44A5-9DF4-5931854A4E73}.Debug|Mixed Platforms.ActiveCfg = Debug|Any CPU
		{A5E25D5C-5ADD-44A5-9DF4-5931854A4E73}.Debug|Mixed Platforms.Build.0 = Debug|Any CPU
		{A5E25D5C-5ADD-44A5-9DF4-5931854A4E73}.Debug|x86.ActiveCfg = Debug|Any CPU
		{A5E25D5C-5ADD-44A5-9DF4-5931854A4E73}.Release|Any CPU.ActiveCfg = Release|Any CPU
		{A5E25D5C-5ADD-44A5-9DF4-5931854A4E73}.Release|Any CPU.Build.0 = Release|Any CPU
		{A5E25D5C-5ADD-44A5-9DF4-5931854A4E73}.Release|Mixed Platforms.ActiveCfg = Release|Any CPU
		{A5E25D5C-5ADD-44A5-9DF4-5931854A4E73}.Release|Mixed Platforms.Build.0 = Release|Any CPU
		{A5E25D5C-5ADD-44A5-9DF4-5931854A4E73}.Release|x86.ActiveCfg = Release|Any CPU
		{6272AB13-7384-429A-9EC6-F561B0B1E58C}.Debug|Any CPU.ActiveCfg = Debug|Any CPU
		{6272AB13-7384-429A-9EC6-F561B0B1E58C}.Debug|Any CPU.Build.0 = Debug|Any CPU
		{6272AB13-7384-429A-9EC6-F561B0B1E58C}.Debug|Mixed Platforms.ActiveCfg = Debug|Any CPU
		{6272AB13-7384-429A-9EC6-F561B0B1E58C}.Debug|Mixed Platforms.Build.0 = Debug|Any CPU
		{6272AB13-7384-429A-9EC6-F561B0B1E58C}.Debug|x86.ActiveCfg = Debug|Any CPU
		{6272AB13-7384-429A-9EC6-F561B0B1E58C}.Release|Any CPU.ActiveCfg = Release|Any CPU
		{6272AB13-7384-429A-9EC6-F561B0B1E58C}.Release|Any CPU.Build.0 = Release|Any CPU
		{6272AB13-7384-429A-9EC6-F561B0B1E58C}.Release|Mixed Platforms.ActiveCfg = Release|Any CPU
		{6272AB13-7384-429A-9EC6-F561B0B1E58C}.Release|Mixed Platforms.Build.0 = Release|Any CPU
		{6272AB13-7384-429A-9EC6-F561B0B1E58C}.Release|x86.ActiveCfg = Release|Any CPU
		{5F637280-1DEE-4C9C-908F-A6D02C3DB323}.Debug|Any CPU.ActiveCfg = Debug|Any CPU
		{5F637280-1DEE-4C9C-908F-A6D02C3DB323}.Debug|Any CPU.Build.0 = Debug|Any CPU
		{5F637280-1DEE-4C9C-908F-A6D02C3DB323}.Debug|Mixed Platforms.ActiveCfg = Debug|Any CPU
		{5F637280-1DEE-4C9C-908F-A6D02C3DB323}.Debug|Mixed Platforms.Build.0 = Debug|Any CPU
		{5F637280-1DEE-4C9C-908F-A6D02C3DB323}.Debug|x86.ActiveCfg = Debug|Any CPU
		{5F637280-1DEE-4C9C-908F-A6D02C3DB323}.Release|Any CPU.ActiveCfg = Release|Any CPU
		{5F637280-1DEE-4C9C-908F-A6D02C3DB323}.Release|Any CPU.Build.0 = Release|Any CPU
		{5F637280-1DEE-4C9C-908F-A6D02C3DB323}.Release|Mixed Platforms.ActiveCfg = Release|Any CPU
		{5F637280-1DEE-4C9C-908F-A6D02C3DB323}.Release|Mixed Platforms.Build.0 = Release|Any CPU
		{5F637280-1DEE-4C9C-908F-A6D02C3DB323}.Release|x86.ActiveCfg = Release|Any CPU
		{67A577F6-F846-4FFA-9D3E-A1C2355922A7}.Debug|Any CPU.ActiveCfg = Debug|Any CPU
		{67A577F6-F846-4FFA-9D3E-A1C2355922A7}.Debug|Any CPU.Build.0 = Debug|Any CPU
		{67A577F6-F846-4FFA-9D3E-A1C2355922A7}.Debug|Mixed Platforms.ActiveCfg = Debug|Any CPU
		{67A577F6-F846-4FFA-9D3E-A1C2355922A7}.Debug|Mixed Platforms.Build.0 = Debug|Any CPU
		{67A577F6-F846-4FFA-9D3E-A1C2355922A7}.Debug|x86.ActiveCfg = Debug|Any CPU
		{67A577F6-F846-4FFA-9D3E-A1C2355922A7}.Release|Any CPU.ActiveCfg = Release|Any CPU
		{67A577F6-F846-4FFA-9D3E-A1C2355922A7}.Release|Any CPU.Build.0 = Release|Any CPU
		{67A577F6-F846-4FFA-9D3E-A1C2355922A7}.Release|Mixed Platforms.ActiveCfg = Release|Any CPU
		{67A577F6-F846-4FFA-9D3E-A1C2355922A7}.Release|Mixed Platforms.Build.0 = Release|Any CPU
		{67A577F6-F846-4FFA-9D3E-A1C2355922A7}.Release|x86.ActiveCfg = Release|Any CPU
		{829AA60E-CC9F-4BE6-95E1-BC7990147D15}.Debug|Any CPU.ActiveCfg = Debug|Any CPU
		{829AA60E-CC9F-4BE6-95E1-BC7990147D15}.Debug|Any CPU.Build.0 = Debug|Any CPU
		{829AA60E-CC9F-4BE6-95E1-BC7990147D15}.Debug|Mixed Platforms.ActiveCfg = Debug|Any CPU
		{829AA60E-CC9F-4BE6-95E1-BC7990147D15}.Debug|Mixed Platforms.Build.0 = Debug|Any CPU
		{829AA60E-CC9F-4BE6-95E1-BC7990147D15}.Debug|x86.ActiveCfg = Debug|Any CPU
		{829AA60E-CC9F-4BE6-95E1-BC7990147D15}.Release|Any CPU.ActiveCfg = Release|Any CPU
		{829AA60E-CC9F-4BE6-95E1-BC7990147D15}.Release|Any CPU.Build.0 = Release|Any CPU
		{829AA60E-CC9F-4BE6-95E1-BC7990147D15}.Release|Mixed Platforms.ActiveCfg = Release|Any CPU
		{829AA60E-CC9F-4BE6-95E1-BC7990147D15}.Release|Mixed Platforms.Build.0 = Release|Any CPU
		{829AA60E-CC9F-4BE6-95E1-BC7990147D15}.Release|x86.ActiveCfg = Release|Any CPU
		{FD263EB4-A3EF-4447-94B1-DE1B308C604B}.Debug|Any CPU.ActiveCfg = Debug|Any CPU
		{FD263EB4-A3EF-4447-94B1-DE1B308C604B}.Debug|Any CPU.Build.0 = Debug|Any CPU
		{FD263EB4-A3EF-4447-94B1-DE1B308C604B}.Debug|Mixed Platforms.ActiveCfg = Debug|Any CPU
		{FD263EB4-A3EF-4447-94B1-DE1B308C604B}.Debug|Mixed Platforms.Build.0 = Debug|Any CPU
		{FD263EB4-A3EF-4447-94B1-DE1B308C604B}.Debug|x86.ActiveCfg = Debug|Any CPU
		{FD263EB4-A3EF-4447-94B1-DE1B308C604B}.Release|Any CPU.ActiveCfg = Release|Any CPU
		{FD263EB4-A3EF-4447-94B1-DE1B308C604B}.Release|Any CPU.Build.0 = Release|Any CPU
		{FD263EB4-A3EF-4447-94B1-DE1B308C604B}.Release|Mixed Platforms.ActiveCfg = Release|Any CPU
		{FD263EB4-A3EF-4447-94B1-DE1B308C604B}.Release|Mixed Platforms.Build.0 = Release|Any CPU
		{FD263EB4-A3EF-4447-94B1-DE1B308C604B}.Release|x86.ActiveCfg = Release|Any CPU
		{45EB1597-4C92-4AB8-B615-5206D5A9F472}.Debug|Any CPU.ActiveCfg = Debug|Any CPU
		{45EB1597-4C92-4AB8-B615-5206D5A9F472}.Debug|Any CPU.Build.0 = Debug|Any CPU
		{45EB1597-4C92-4AB8-B615-5206D5A9F472}.Debug|Mixed Platforms.ActiveCfg = Debug|Any CPU
		{45EB1597-4C92-4AB8-B615-5206D5A9F472}.Debug|Mixed Platforms.Build.0 = Debug|Any CPU
		{45EB1597-4C92-4AB8-B615-5206D5A9F472}.Debug|x86.ActiveCfg = Debug|Any CPU
		{45EB1597-4C92-4AB8-B615-5206D5A9F472}.Release|Any CPU.ActiveCfg = Release|Any CPU
		{45EB1597-4C92-4AB8-B615-5206D5A9F472}.Release|Any CPU.Build.0 = Release|Any CPU
		{45EB1597-4C92-4AB8-B615-5206D5A9F472}.Release|Mixed Platforms.ActiveCfg = Release|Any CPU
		{45EB1597-4C92-4AB8-B615-5206D5A9F472}.Release|Mixed Platforms.Build.0 = Release|Any CPU
		{45EB1597-4C92-4AB8-B615-5206D5A9F472}.Release|x86.ActiveCfg = Release|Any CPU
		{9E536824-37AD-4CC7-B597-11B882091DBD}.Debug|Any CPU.ActiveCfg = Debug|Any CPU
		{9E536824-37AD-4CC7-B597-11B882091DBD}.Debug|Any CPU.Build.0 = Debug|Any CPU
		{9E536824-37AD-4CC7-B597-11B882091DBD}.Debug|Mixed Platforms.ActiveCfg = Debug|Any CPU
		{9E536824-37AD-4CC7-B597-11B882091DBD}.Debug|Mixed Platforms.Build.0 = Debug|Any CPU
		{9E536824-37AD-4CC7-B597-11B882091DBD}.Debug|x86.ActiveCfg = Debug|Any CPU
		{9E536824-37AD-4CC7-B597-11B882091DBD}.Release|Any CPU.ActiveCfg = Release|Any CPU
		{9E536824-37AD-4CC7-B597-11B882091DBD}.Release|Any CPU.Build.0 = Release|Any CPU
		{9E536824-37AD-4CC7-B597-11B882091DBD}.Release|Mixed Platforms.ActiveCfg = Release|Any CPU
		{9E536824-37AD-4CC7-B597-11B882091DBD}.Release|Mixed Platforms.Build.0 = Release|Any CPU
		{9E536824-37AD-4CC7-B597-11B882091DBD}.Release|x86.ActiveCfg = Release|Any CPU
		{329D8BC9-D820-37CA-9B18-098625CA0158}.Debug|Any CPU.ActiveCfg = Debug|Any CPU
		{329D8BC9-D820-37CA-9B18-098625CA0158}.Debug|Any CPU.Build.0 = Debug|Any CPU
		{329D8BC9-D820-37CA-9B18-098625CA0158}.Debug|Mixed Platforms.ActiveCfg = Debug|Any CPU
		{329D8BC9-D820-37CA-9B18-098625CA0158}.Debug|Mixed Platforms.Build.0 = Debug|Any CPU
		{329D8BC9-D820-37CA-9B18-098625CA0158}.Debug|x86.ActiveCfg = Debug|Any CPU
		{329D8BC9-D820-37CA-9B18-098625CA0158}.Release|Any CPU.ActiveCfg = Release|Any CPU
		{329D8BC9-D820-37CA-9B18-098625CA0158}.Release|Any CPU.Build.0 = Release|Any CPU
		{329D8BC9-D820-37CA-9B18-098625CA0158}.Release|Mixed Platforms.ActiveCfg = Release|Any CPU
		{329D8BC9-D820-37CA-9B18-098625CA0158}.Release|Mixed Platforms.Build.0 = Release|Any CPU
		{329D8BC9-D820-37CA-9B18-098625CA0158}.Release|x86.ActiveCfg = Release|Any CPU
		{2AD52941-1F8A-3ED6-9F00-69F6F6AB2803}.Debug|Any CPU.ActiveCfg = Debug|Any CPU
		{2AD52941-1F8A-3ED6-9F00-69F6F6AB2803}.Debug|Any CPU.Build.0 = Debug|Any CPU
		{2AD52941-1F8A-3ED6-9F00-69F6F6AB2803}.Debug|Mixed Platforms.ActiveCfg = Debug|x86
		{2AD52941-1F8A-3ED6-9F00-69F6F6AB2803}.Debug|Mixed Platforms.Build.0 = Debug|x86
		{2AD52941-1F8A-3ED6-9F00-69F6F6AB2803}.Debug|x86.ActiveCfg = Debug|x86
		{2AD52941-1F8A-3ED6-9F00-69F6F6AB2803}.Debug|x86.Build.0 = Debug|x86
		{2AD52941-1F8A-3ED6-9F00-69F6F6AB2803}.Release|Any CPU.ActiveCfg = Release|Any CPU
		{2AD52941-1F8A-3ED6-9F00-69F6F6AB2803}.Release|Any CPU.Build.0 = Release|Any CPU
		{2AD52941-1F8A-3ED6-9F00-69F6F6AB2803}.Release|Mixed Platforms.ActiveCfg = Release|x86
		{2AD52941-1F8A-3ED6-9F00-69F6F6AB2803}.Release|Mixed Platforms.Build.0 = Release|x86
		{2AD52941-1F8A-3ED6-9F00-69F6F6AB2803}.Release|x86.ActiveCfg = Release|x86
		{2AD52941-1F8A-3ED6-9F00-69F6F6AB2803}.Release|x86.Build.0 = Release|x86
		{AEDBFBBD-BA7D-4582-AFCA-6ECF8AF33C98}.Debug|Any CPU.ActiveCfg = Debug|Any CPU
		{AEDBFBBD-BA7D-4582-AFCA-6ECF8AF33C98}.Debug|Any CPU.Build.0 = Debug|Any CPU
		{AEDBFBBD-BA7D-4582-AFCA-6ECF8AF33C98}.Debug|Mixed Platforms.ActiveCfg = Debug|Any CPU
		{AEDBFBBD-BA7D-4582-AFCA-6ECF8AF33C98}.Debug|Mixed Platforms.Build.0 = Debug|Any CPU
		{AEDBFBBD-BA7D-4582-AFCA-6ECF8AF33C98}.Debug|x86.ActiveCfg = Debug|Any CPU
		{AEDBFBBD-BA7D-4582-AFCA-6ECF8AF33C98}.Release|Any CPU.ActiveCfg = Release|Any CPU
		{AEDBFBBD-BA7D-4582-AFCA-6ECF8AF33C98}.Release|Any CPU.Build.0 = Release|Any CPU
		{AEDBFBBD-BA7D-4582-AFCA-6ECF8AF33C98}.Release|Mixed Platforms.ActiveCfg = Release|Any CPU
		{AEDBFBBD-BA7D-4582-AFCA-6ECF8AF33C98}.Release|Mixed Platforms.Build.0 = Release|Any CPU
		{AEDBFBBD-BA7D-4582-AFCA-6ECF8AF33C98}.Release|x86.ActiveCfg = Release|Any CPU
		{FA67314A-0560-41D4-BC19-6524663E9D0D}.Debug|Any CPU.ActiveCfg = Debug|Any CPU
		{FA67314A-0560-41D4-BC19-6524663E9D0D}.Debug|Any CPU.Build.0 = Debug|Any CPU
		{FA67314A-0560-41D4-BC19-6524663E9D0D}.Debug|Mixed Platforms.ActiveCfg = Debug|Any CPU
		{FA67314A-0560-41D4-BC19-6524663E9D0D}.Debug|Mixed Platforms.Build.0 = Debug|Any CPU
		{FA67314A-0560-41D4-BC19-6524663E9D0D}.Debug|x86.ActiveCfg = Debug|Any CPU
		{FA67314A-0560-41D4-BC19-6524663E9D0D}.Release|Any CPU.ActiveCfg = Release|Any CPU
		{FA67314A-0560-41D4-BC19-6524663E9D0D}.Release|Any CPU.Build.0 = Release|Any CPU
		{FA67314A-0560-41D4-BC19-6524663E9D0D}.Release|Mixed Platforms.ActiveCfg = Release|Any CPU
		{FA67314A-0560-41D4-BC19-6524663E9D0D}.Release|Mixed Platforms.Build.0 = Release|Any CPU
		{FA67314A-0560-41D4-BC19-6524663E9D0D}.Release|x86.ActiveCfg = Release|Any CPU
		{FB3EAC65-AB2B-4A7E-ADA5-AAE0651CAAF6}.Debug|Any CPU.ActiveCfg = Debug|Any CPU
		{FB3EAC65-AB2B-4A7E-ADA5-AAE0651CAAF6}.Debug|Any CPU.Build.0 = Debug|Any CPU
		{FB3EAC65-AB2B-4A7E-ADA5-AAE0651CAAF6}.Debug|Mixed Platforms.ActiveCfg = Debug|Any CPU
		{FB3EAC65-AB2B-4A7E-ADA5-AAE0651CAAF6}.Debug|Mixed Platforms.Build.0 = Debug|Any CPU
		{FB3EAC65-AB2B-4A7E-ADA5-AAE0651CAAF6}.Debug|x86.ActiveCfg = Debug|Any CPU
		{FB3EAC65-AB2B-4A7E-ADA5-AAE0651CAAF6}.Release|Any CPU.ActiveCfg = Release|Any CPU
		{FB3EAC65-AB2B-4A7E-ADA5-AAE0651CAAF6}.Release|Any CPU.Build.0 = Release|Any CPU
		{FB3EAC65-AB2B-4A7E-ADA5-AAE0651CAAF6}.Release|Mixed Platforms.ActiveCfg = Release|Any CPU
		{FB3EAC65-AB2B-4A7E-ADA5-AAE0651CAAF6}.Release|Mixed Platforms.Build.0 = Release|Any CPU
		{FB3EAC65-AB2B-4A7E-ADA5-AAE0651CAAF6}.Release|x86.ActiveCfg = Release|Any CPU
		{AC296AC1-DD5A-4AA4-A299-DD708E5F1A10}.Debug|Any CPU.ActiveCfg = Debug|Any CPU
		{AC296AC1-DD5A-4AA4-A299-DD708E5F1A10}.Debug|Any CPU.Build.0 = Debug|Any CPU
		{AC296AC1-DD5A-4AA4-A299-DD708E5F1A10}.Debug|Mixed Platforms.ActiveCfg = Debug|Any CPU
		{AC296AC1-DD5A-4AA4-A299-DD708E5F1A10}.Debug|Mixed Platforms.Build.0 = Debug|Any CPU
		{AC296AC1-DD5A-4AA4-A299-DD708E5F1A10}.Debug|x86.ActiveCfg = Debug|Any CPU
		{AC296AC1-DD5A-4AA4-A299-DD708E5F1A10}.Release|Any CPU.ActiveCfg = Release|Any CPU
		{AC296AC1-DD5A-4AA4-A299-DD708E5F1A10}.Release|Any CPU.Build.0 = Release|Any CPU
		{AC296AC1-DD5A-4AA4-A299-DD708E5F1A10}.Release|Mixed Platforms.ActiveCfg = Release|Any CPU
		{AC296AC1-DD5A-4AA4-A299-DD708E5F1A10}.Release|Mixed Platforms.Build.0 = Release|Any CPU
		{AC296AC1-DD5A-4AA4-A299-DD708E5F1A10}.Release|x86.ActiveCfg = Release|Any CPU
		{59FB16F3-4CCD-43E9-BBC4-5246E62AC70E}.Debug|Any CPU.ActiveCfg = Debug|Any CPU
		{59FB16F3-4CCD-43E9-BBC4-5246E62AC70E}.Debug|Any CPU.Build.0 = Debug|Any CPU
		{59FB16F3-4CCD-43E9-BBC4-5246E62AC70E}.Debug|Mixed Platforms.ActiveCfg = Debug|Any CPU
		{59FB16F3-4CCD-43E9-BBC4-5246E62AC70E}.Debug|Mixed Platforms.Build.0 = Debug|Any CPU
		{59FB16F3-4CCD-43E9-BBC4-5246E62AC70E}.Debug|x86.ActiveCfg = Debug|Any CPU
		{59FB16F3-4CCD-43E9-BBC4-5246E62AC70E}.Release|Any CPU.ActiveCfg = Release|Any CPU
		{59FB16F3-4CCD-43E9-BBC4-5246E62AC70E}.Release|Any CPU.Build.0 = Release|Any CPU
		{59FB16F3-4CCD-43E9-BBC4-5246E62AC70E}.Release|Mixed Platforms.ActiveCfg = Release|Any CPU
		{59FB16F3-4CCD-43E9-BBC4-5246E62AC70E}.Release|Mixed Platforms.Build.0 = Release|Any CPU
		{59FB16F3-4CCD-43E9-BBC4-5246E62AC70E}.Release|x86.ActiveCfg = Release|Any CPU
		{E16B6793-6589-412F-9798-5E99E7112D84}.Debug|Any CPU.ActiveCfg = Debug|Any CPU
		{E16B6793-6589-412F-9798-5E99E7112D84}.Debug|Any CPU.Build.0 = Debug|Any CPU
		{E16B6793-6589-412F-9798-5E99E7112D84}.Debug|Mixed Platforms.ActiveCfg = Debug|Any CPU
		{E16B6793-6589-412F-9798-5E99E7112D84}.Debug|Mixed Platforms.Build.0 = Debug|Any CPU
		{E16B6793-6589-412F-9798-5E99E7112D84}.Debug|x86.ActiveCfg = Debug|Any CPU
		{E16B6793-6589-412F-9798-5E99E7112D84}.Release|Any CPU.ActiveCfg = Release|Any CPU
		{E16B6793-6589-412F-9798-5E99E7112D84}.Release|Any CPU.Build.0 = Release|Any CPU
		{E16B6793-6589-412F-9798-5E99E7112D84}.Release|Mixed Platforms.ActiveCfg = Release|Any CPU
		{E16B6793-6589-412F-9798-5E99E7112D84}.Release|Mixed Platforms.Build.0 = Release|Any CPU
		{E16B6793-6589-412F-9798-5E99E7112D84}.Release|x86.ActiveCfg = Release|Any CPU
		{96E238AE-CE18-4299-87C4-0924EBCEFA80}.Debug|Any CPU.ActiveCfg = Debug|Any CPU
		{96E238AE-CE18-4299-87C4-0924EBCEFA80}.Debug|Any CPU.Build.0 = Debug|Any CPU
		{96E238AE-CE18-4299-87C4-0924EBCEFA80}.Debug|Mixed Platforms.ActiveCfg = Debug|Any CPU
		{96E238AE-CE18-4299-87C4-0924EBCEFA80}.Debug|Mixed Platforms.Build.0 = Debug|Any CPU
		{96E238AE-CE18-4299-87C4-0924EBCEFA80}.Debug|x86.ActiveCfg = Debug|Any CPU
		{96E238AE-CE18-4299-87C4-0924EBCEFA80}.Release|Any CPU.ActiveCfg = Release|Any CPU
		{96E238AE-CE18-4299-87C4-0924EBCEFA80}.Release|Any CPU.Build.0 = Release|Any CPU
		{96E238AE-CE18-4299-87C4-0924EBCEFA80}.Release|Mixed Platforms.ActiveCfg = Release|Any CPU
		{96E238AE-CE18-4299-87C4-0924EBCEFA80}.Release|Mixed Platforms.Build.0 = Release|Any CPU
		{96E238AE-CE18-4299-87C4-0924EBCEFA80}.Release|x86.ActiveCfg = Release|Any CPU
		{231243D6-9B1A-43BC-AC7E-FC6AE5DDC006}.Debug|Any CPU.ActiveCfg = Debug|Any CPU
		{231243D6-9B1A-43BC-AC7E-FC6AE5DDC006}.Debug|Any CPU.Build.0 = Debug|Any CPU
		{231243D6-9B1A-43BC-AC7E-FC6AE5DDC006}.Debug|Mixed Platforms.ActiveCfg = Debug|Any CPU
		{231243D6-9B1A-43BC-AC7E-FC6AE5DDC006}.Debug|Mixed Platforms.Build.0 = Debug|Any CPU
		{231243D6-9B1A-43BC-AC7E-FC6AE5DDC006}.Debug|x86.ActiveCfg = Debug|Any CPU
		{231243D6-9B1A-43BC-AC7E-FC6AE5DDC006}.Release|Any CPU.ActiveCfg = Release|Any CPU
		{231243D6-9B1A-43BC-AC7E-FC6AE5DDC006}.Release|Any CPU.Build.0 = Release|Any CPU
		{231243D6-9B1A-43BC-AC7E-FC6AE5DDC006}.Release|Mixed Platforms.ActiveCfg = Release|Any CPU
		{231243D6-9B1A-43BC-AC7E-FC6AE5DDC006}.Release|Mixed Platforms.Build.0 = Release|Any CPU
		{231243D6-9B1A-43BC-AC7E-FC6AE5DDC006}.Release|x86.ActiveCfg = Release|Any CPU
		{F80EB367-9E8A-4317-A6BC-C3FC2FD9770E}.Debug|Any CPU.ActiveCfg = Debug|Any CPU
		{F80EB367-9E8A-4317-A6BC-C3FC2FD9770E}.Debug|Any CPU.Build.0 = Debug|Any CPU
		{F80EB367-9E8A-4317-A6BC-C3FC2FD9770E}.Debug|Mixed Platforms.ActiveCfg = Debug|Any CPU
		{F80EB367-9E8A-4317-A6BC-C3FC2FD9770E}.Debug|Mixed Platforms.Build.0 = Debug|Any CPU
		{F80EB367-9E8A-4317-A6BC-C3FC2FD9770E}.Debug|x86.ActiveCfg = Debug|Any CPU
		{F80EB367-9E8A-4317-A6BC-C3FC2FD9770E}.Release|Any CPU.ActiveCfg = Release|Any CPU
		{F80EB367-9E8A-4317-A6BC-C3FC2FD9770E}.Release|Any CPU.Build.0 = Release|Any CPU
		{F80EB367-9E8A-4317-A6BC-C3FC2FD9770E}.Release|Mixed Platforms.ActiveCfg = Release|Any CPU
		{F80EB367-9E8A-4317-A6BC-C3FC2FD9770E}.Release|Mixed Platforms.Build.0 = Release|Any CPU
		{F80EB367-9E8A-4317-A6BC-C3FC2FD9770E}.Release|x86.ActiveCfg = Release|Any CPU
		{96BEC6AF-3DE2-4245-AB4C-1C18CEF2482E}.Debug|Any CPU.ActiveCfg = Debug|Any CPU
		{96BEC6AF-3DE2-4245-AB4C-1C18CEF2482E}.Debug|Any CPU.Build.0 = Debug|Any CPU
		{96BEC6AF-3DE2-4245-AB4C-1C18CEF2482E}.Debug|Mixed Platforms.ActiveCfg = Debug|Any CPU
		{96BEC6AF-3DE2-4245-AB4C-1C18CEF2482E}.Debug|Mixed Platforms.Build.0 = Debug|Any CPU
		{96BEC6AF-3DE2-4245-AB4C-1C18CEF2482E}.Debug|x86.ActiveCfg = Debug|Any CPU
		{96BEC6AF-3DE2-4245-AB4C-1C18CEF2482E}.Release|Any CPU.ActiveCfg = Release|Any CPU
		{96BEC6AF-3DE2-4245-AB4C-1C18CEF2482E}.Release|Any CPU.Build.0 = Release|Any CPU
		{96BEC6AF-3DE2-4245-AB4C-1C18CEF2482E}.Release|Mixed Platforms.ActiveCfg = Release|Any CPU
		{96BEC6AF-3DE2-4245-AB4C-1C18CEF2482E}.Release|Mixed Platforms.Build.0 = Release|Any CPU
		{96BEC6AF-3DE2-4245-AB4C-1C18CEF2482E}.Release|x86.ActiveCfg = Release|Any CPU
		{1E0D7696-BABB-4279-817A-18DCACAEB575}.Debug|Any CPU.ActiveCfg = Debug|Any CPU
		{1E0D7696-BABB-4279-817A-18DCACAEB575}.Debug|Any CPU.Build.0 = Debug|Any CPU
		{1E0D7696-BABB-4279-817A-18DCACAEB575}.Debug|Mixed Platforms.ActiveCfg = Debug|Any CPU
		{1E0D7696-BABB-4279-817A-18DCACAEB575}.Debug|Mixed Platforms.Build.0 = Debug|Any CPU
		{1E0D7696-BABB-4279-817A-18DCACAEB575}.Debug|x86.ActiveCfg = Debug|Any CPU
		{1E0D7696-BABB-4279-817A-18DCACAEB575}.Release|Any CPU.ActiveCfg = Release|Any CPU
		{1E0D7696-BABB-4279-817A-18DCACAEB575}.Release|Any CPU.Build.0 = Release|Any CPU
		{1E0D7696-BABB-4279-817A-18DCACAEB575}.Release|Mixed Platforms.ActiveCfg = Release|Any CPU
		{1E0D7696-BABB-4279-817A-18DCACAEB575}.Release|Mixed Platforms.Build.0 = Release|Any CPU
		{1E0D7696-BABB-4279-817A-18DCACAEB575}.Release|x86.ActiveCfg = Release|Any CPU
		{D121D692-FF26-3836-8115-E63D9FC3A3B1}.Debug|Any CPU.ActiveCfg = Debug|Any CPU
		{D121D692-FF26-3836-8115-E63D9FC3A3B1}.Debug|Any CPU.Build.0 = Debug|Any CPU
		{D121D692-FF26-3836-8115-E63D9FC3A3B1}.Debug|Mixed Platforms.ActiveCfg = Debug|x86
		{D121D692-FF26-3836-8115-E63D9FC3A3B1}.Debug|Mixed Platforms.Build.0 = Debug|x86
		{D121D692-FF26-3836-8115-E63D9FC3A3B1}.Debug|x86.ActiveCfg = Debug|x86
		{D121D692-FF26-3836-8115-E63D9FC3A3B1}.Debug|x86.Build.0 = Debug|x86
		{D121D692-FF26-3836-8115-E63D9FC3A3B1}.Release|Any CPU.ActiveCfg = Release|Any CPU
		{D121D692-FF26-3836-8115-E63D9FC3A3B1}.Release|Any CPU.Build.0 = Release|Any CPU
		{D121D692-FF26-3836-8115-E63D9FC3A3B1}.Release|Mixed Platforms.ActiveCfg = Release|x86
		{D121D692-FF26-3836-8115-E63D9FC3A3B1}.Release|Mixed Platforms.Build.0 = Release|x86
		{D121D692-FF26-3836-8115-E63D9FC3A3B1}.Release|x86.ActiveCfg = Release|x86
		{D121D692-FF26-3836-8115-E63D9FC3A3B1}.Release|x86.Build.0 = Release|x86
		{CB5B04A6-76C2-43C4-9A8F-20EE2601CB11}.Debug|Any CPU.ActiveCfg = Debug|Any CPU
		{CB5B04A6-76C2-43C4-9A8F-20EE2601CB11}.Debug|Any CPU.Build.0 = Debug|Any CPU
		{CB5B04A6-76C2-43C4-9A8F-20EE2601CB11}.Debug|Mixed Platforms.ActiveCfg = Debug|Any CPU
		{CB5B04A6-76C2-43C4-9A8F-20EE2601CB11}.Debug|Mixed Platforms.Build.0 = Debug|Any CPU
		{CB5B04A6-76C2-43C4-9A8F-20EE2601CB11}.Debug|x86.ActiveCfg = Debug|Any CPU
		{CB5B04A6-76C2-43C4-9A8F-20EE2601CB11}.Release|Any CPU.ActiveCfg = Release|Any CPU
		{CB5B04A6-76C2-43C4-9A8F-20EE2601CB11}.Release|Any CPU.Build.0 = Release|Any CPU
		{CB5B04A6-76C2-43C4-9A8F-20EE2601CB11}.Release|Mixed Platforms.ActiveCfg = Release|Any CPU
		{CB5B04A6-76C2-43C4-9A8F-20EE2601CB11}.Release|Mixed Platforms.Build.0 = Release|Any CPU
		{CB5B04A6-76C2-43C4-9A8F-20EE2601CB11}.Release|x86.ActiveCfg = Release|Any CPU
		{C519F59F-456A-4C7B-ADE8-22AC96D572F3}.Debug|Any CPU.ActiveCfg = Debug|Any CPU
		{C519F59F-456A-4C7B-ADE8-22AC96D572F3}.Debug|Any CPU.Build.0 = Debug|Any CPU
		{C519F59F-456A-4C7B-ADE8-22AC96D572F3}.Debug|Mixed Platforms.ActiveCfg = Debug|Any CPU
		{C519F59F-456A-4C7B-ADE8-22AC96D572F3}.Debug|Mixed Platforms.Build.0 = Debug|Any CPU
		{C519F59F-456A-4C7B-ADE8-22AC96D572F3}.Debug|x86.ActiveCfg = Debug|Any CPU
		{C519F59F-456A-4C7B-ADE8-22AC96D572F3}.Release|Any CPU.ActiveCfg = Release|Any CPU
		{C519F59F-456A-4C7B-ADE8-22AC96D572F3}.Release|Any CPU.Build.0 = Release|Any CPU
		{C519F59F-456A-4C7B-ADE8-22AC96D572F3}.Release|Mixed Platforms.ActiveCfg = Release|Any CPU
		{C519F59F-456A-4C7B-ADE8-22AC96D572F3}.Release|Mixed Platforms.Build.0 = Release|Any CPU
		{C519F59F-456A-4C7B-ADE8-22AC96D572F3}.Release|x86.ActiveCfg = Release|Any CPU
		{6A0141B0-25EE-497D-A027-62D436CF973D}.Debug|Any CPU.ActiveCfg = Debug|x86
		{6A0141B0-25EE-497D-A027-62D436CF973D}.Debug|Mixed Platforms.ActiveCfg = Debug|x86
		{6A0141B0-25EE-497D-A027-62D436CF973D}.Debug|Mixed Platforms.Build.0 = Debug|x86
		{6A0141B0-25EE-497D-A027-62D436CF973D}.Debug|x86.ActiveCfg = Debug|x86
		{6A0141B0-25EE-497D-A027-62D436CF973D}.Debug|x86.Build.0 = Debug|x86
		{6A0141B0-25EE-497D-A027-62D436CF973D}.Release|Any CPU.ActiveCfg = Release|x86
		{6A0141B0-25EE-497D-A027-62D436CF973D}.Release|Mixed Platforms.ActiveCfg = Release|x86
		{6A0141B0-25EE-497D-A027-62D436CF973D}.Release|Mixed Platforms.Build.0 = Release|x86
		{6A0141B0-25EE-497D-A027-62D436CF973D}.Release|x86.ActiveCfg = Release|x86
		{6A0141B0-25EE-497D-A027-62D436CF973D}.Release|x86.Build.0 = Release|x86
		{6CD378FB-00A9-4644-965B-21A16956DED0}.Debug|Any CPU.ActiveCfg = Debug|Any CPU
		{6CD378FB-00A9-4644-965B-21A16956DED0}.Debug|Any CPU.Build.0 = Debug|Any CPU
		{6CD378FB-00A9-4644-965B-21A16956DED0}.Debug|Mixed Platforms.ActiveCfg = Debug|Any CPU
		{6CD378FB-00A9-4644-965B-21A16956DED0}.Debug|Mixed Platforms.Build.0 = Debug|Any CPU
		{6CD378FB-00A9-4644-965B-21A16956DED0}.Debug|x86.ActiveCfg = Debug|Any CPU
		{6CD378FB-00A9-4644-965B-21A16956DED0}.Release|Any CPU.ActiveCfg = Release|Any CPU
		{6CD378FB-00A9-4644-965B-21A16956DED0}.Release|Any CPU.Build.0 = Release|Any CPU
		{6CD378FB-00A9-4644-965B-21A16956DED0}.Release|Mixed Platforms.ActiveCfg = Release|Any CPU
		{6CD378FB-00A9-4644-965B-21A16956DED0}.Release|Mixed Platforms.Build.0 = Release|Any CPU
		{6CD378FB-00A9-4644-965B-21A16956DED0}.Release|x86.ActiveCfg = Release|Any CPU
		{544A1FD5-76D3-4B73-97DD-0C7AA32F66C2}.Debug|Any CPU.ActiveCfg = Debug|Any CPU
		{544A1FD5-76D3-4B73-97DD-0C7AA32F66C2}.Debug|Any CPU.Build.0 = Debug|Any CPU
		{544A1FD5-76D3-4B73-97DD-0C7AA32F66C2}.Debug|Mixed Platforms.ActiveCfg = Debug|Any CPU
		{544A1FD5-76D3-4B73-97DD-0C7AA32F66C2}.Debug|Mixed Platforms.Build.0 = Debug|Any CPU
		{544A1FD5-76D3-4B73-97DD-0C7AA32F66C2}.Debug|x86.ActiveCfg = Debug|Any CPU
		{544A1FD5-76D3-4B73-97DD-0C7AA32F66C2}.Release|Any CPU.ActiveCfg = Release|Any CPU
		{544A1FD5-76D3-4B73-97DD-0C7AA32F66C2}.Release|Any CPU.Build.0 = Release|Any CPU
		{544A1FD5-76D3-4B73-97DD-0C7AA32F66C2}.Release|Mixed Platforms.ActiveCfg = Release|Any CPU
		{544A1FD5-76D3-4B73-97DD-0C7AA32F66C2}.Release|Mixed Platforms.Build.0 = Release|Any CPU
		{544A1FD5-76D3-4B73-97DD-0C7AA32F66C2}.Release|x86.ActiveCfg = Release|Any CPU
		{D91F3FD0-9E1B-41FF-AE2E-67F051198F51}.Debug|Any CPU.ActiveCfg = Debug|Any CPU
		{D91F3FD0-9E1B-41FF-AE2E-67F051198F51}.Debug|Any CPU.Build.0 = Debug|Any CPU
		{D91F3FD0-9E1B-41FF-AE2E-67F051198F51}.Debug|Mixed Platforms.ActiveCfg = Debug|Any CPU
		{D91F3FD0-9E1B-41FF-AE2E-67F051198F51}.Debug|Mixed Platforms.Build.0 = Debug|Any CPU
		{D91F3FD0-9E1B-41FF-AE2E-67F051198F51}.Debug|x86.ActiveCfg = Debug|Any CPU
		{D91F3FD0-9E1B-41FF-AE2E-67F051198F51}.Release|Any CPU.ActiveCfg = Release|Any CPU
		{D91F3FD0-9E1B-41FF-AE2E-67F051198F51}.Release|Any CPU.Build.0 = Release|Any CPU
		{D91F3FD0-9E1B-41FF-AE2E-67F051198F51}.Release|Mixed Platforms.ActiveCfg = Release|Any CPU
		{D91F3FD0-9E1B-41FF-AE2E-67F051198F51}.Release|Mixed Platforms.Build.0 = Release|Any CPU
		{D91F3FD0-9E1B-41FF-AE2E-67F051198F51}.Release|x86.ActiveCfg = Release|Any CPU
		{9B99CD18-9414-4842-9792-E33B6605F330}.Debug|Any CPU.ActiveCfg = Debug|x86
		{9B99CD18-9414-4842-9792-E33B6605F330}.Debug|Mixed Platforms.ActiveCfg = Debug|x86
		{9B99CD18-9414-4842-9792-E33B6605F330}.Debug|Mixed Platforms.Build.0 = Debug|x86
		{9B99CD18-9414-4842-9792-E33B6605F330}.Debug|x86.ActiveCfg = Debug|x86
		{9B99CD18-9414-4842-9792-E33B6605F330}.Debug|x86.Build.0 = Debug|x86
		{9B99CD18-9414-4842-9792-E33B6605F330}.Release|Any CPU.ActiveCfg = Release|x86
		{9B99CD18-9414-4842-9792-E33B6605F330}.Release|Mixed Platforms.ActiveCfg = Release|x86
		{9B99CD18-9414-4842-9792-E33B6605F330}.Release|Mixed Platforms.Build.0 = Release|x86
		{9B99CD18-9414-4842-9792-E33B6605F330}.Release|x86.ActiveCfg = Release|x86
		{9B99CD18-9414-4842-9792-E33B6605F330}.Release|x86.Build.0 = Release|x86
		{4675187D-6CC7-369C-AEEF-121AD4508FF5}.Debug|Any CPU.ActiveCfg = Debug|Any CPU
		{4675187D-6CC7-369C-AEEF-121AD4508FF5}.Debug|Any CPU.Build.0 = Debug|Any CPU
		{4675187D-6CC7-369C-AEEF-121AD4508FF5}.Debug|Mixed Platforms.ActiveCfg = Debug|Any CPU
		{4675187D-6CC7-369C-AEEF-121AD4508FF5}.Debug|Mixed Platforms.Build.0 = Debug|Any CPU
		{4675187D-6CC7-369C-AEEF-121AD4508FF5}.Debug|x86.ActiveCfg = Debug|Any CPU
		{4675187D-6CC7-369C-AEEF-121AD4508FF5}.Release|Any CPU.ActiveCfg = Release|Any CPU
		{4675187D-6CC7-369C-AEEF-121AD4508FF5}.Release|Any CPU.Build.0 = Release|Any CPU
		{4675187D-6CC7-369C-AEEF-121AD4508FF5}.Release|Mixed Platforms.ActiveCfg = Release|Any CPU
		{4675187D-6CC7-369C-AEEF-121AD4508FF5}.Release|Mixed Platforms.Build.0 = Release|Any CPU
		{4675187D-6CC7-369C-AEEF-121AD4508FF5}.Release|x86.ActiveCfg = Release|Any CPU
		{0B94F193-9310-4A4D-98B2-3A55C851C6AD}.Debug|Any CPU.ActiveCfg = Debug|Any CPU
		{0B94F193-9310-4A4D-98B2-3A55C851C6AD}.Debug|Any CPU.Build.0 = Debug|Any CPU
		{0B94F193-9310-4A4D-98B2-3A55C851C6AD}.Debug|Mixed Platforms.ActiveCfg = Debug|Any CPU
		{0B94F193-9310-4A4D-98B2-3A55C851C6AD}.Debug|Mixed Platforms.Build.0 = Debug|Any CPU
		{0B94F193-9310-4A4D-98B2-3A55C851C6AD}.Debug|x86.ActiveCfg = Debug|Any CPU
		{0B94F193-9310-4A4D-98B2-3A55C851C6AD}.Release|Any CPU.ActiveCfg = Release|Any CPU
		{0B94F193-9310-4A4D-98B2-3A55C851C6AD}.Release|Any CPU.Build.0 = Release|Any CPU
		{0B94F193-9310-4A4D-98B2-3A55C851C6AD}.Release|Mixed Platforms.ActiveCfg = Release|Any CPU
		{0B94F193-9310-4A4D-98B2-3A55C851C6AD}.Release|Mixed Platforms.Build.0 = Release|Any CPU
		{0B94F193-9310-4A4D-98B2-3A55C851C6AD}.Release|x86.ActiveCfg = Release|Any CPU
		{57E4BAF4-D3C6-454A-81F3-DF4C5AB741B3}.Debug|Any CPU.ActiveCfg = Debug|Any CPU
		{57E4BAF4-D3C6-454A-81F3-DF4C5AB741B3}.Debug|Any CPU.Build.0 = Debug|Any CPU
		{57E4BAF4-D3C6-454A-81F3-DF4C5AB741B3}.Debug|Mixed Platforms.ActiveCfg = Debug|Any CPU
		{57E4BAF4-D3C6-454A-81F3-DF4C5AB741B3}.Debug|Mixed Platforms.Build.0 = Debug|Any CPU
		{57E4BAF4-D3C6-454A-81F3-DF4C5AB741B3}.Debug|x86.ActiveCfg = Debug|Any CPU
		{57E4BAF4-D3C6-454A-81F3-DF4C5AB741B3}.Release|Any CPU.ActiveCfg = Release|Any CPU
		{57E4BAF4-D3C6-454A-81F3-DF4C5AB741B3}.Release|Any CPU.Build.0 = Release|Any CPU
		{57E4BAF4-D3C6-454A-81F3-DF4C5AB741B3}.Release|Mixed Platforms.ActiveCfg = Release|Any CPU
		{57E4BAF4-D3C6-454A-81F3-DF4C5AB741B3}.Release|Mixed Platforms.Build.0 = Release|Any CPU
		{57E4BAF4-D3C6-454A-81F3-DF4C5AB741B3}.Release|x86.ActiveCfg = Release|Any CPU
		{083973A7-25ED-4B16-9BB4-65BDD4AA1AA8}.Debug|Any CPU.ActiveCfg = Debug|Any CPU
		{083973A7-25ED-4B16-9BB4-65BDD4AA1AA8}.Debug|Any CPU.Build.0 = Debug|Any CPU
		{083973A7-25ED-4B16-9BB4-65BDD4AA1AA8}.Debug|Mixed Platforms.ActiveCfg = Debug|Any CPU
		{083973A7-25ED-4B16-9BB4-65BDD4AA1AA8}.Debug|Mixed Platforms.Build.0 = Debug|Any CPU
		{083973A7-25ED-4B16-9BB4-65BDD4AA1AA8}.Debug|x86.ActiveCfg = Debug|Any CPU
		{083973A7-25ED-4B16-9BB4-65BDD4AA1AA8}.Release|Any CPU.ActiveCfg = Release|Any CPU
		{083973A7-25ED-4B16-9BB4-65BDD4AA1AA8}.Release|Any CPU.Build.0 = Release|Any CPU
		{083973A7-25ED-4B16-9BB4-65BDD4AA1AA8}.Release|Mixed Platforms.ActiveCfg = Release|Any CPU
		{083973A7-25ED-4B16-9BB4-65BDD4AA1AA8}.Release|Mixed Platforms.Build.0 = Release|Any CPU
		{083973A7-25ED-4B16-9BB4-65BDD4AA1AA8}.Release|x86.ActiveCfg = Release|Any CPU
		{A3D7CD63-C1D8-41D0-93A7-776C0E6A20D8}.Debug|Any CPU.ActiveCfg = Debug|Any CPU
		{A3D7CD63-C1D8-41D0-93A7-776C0E6A20D8}.Debug|Any CPU.Build.0 = Debug|Any CPU
		{A3D7CD63-C1D8-41D0-93A7-776C0E6A20D8}.Debug|Mixed Platforms.ActiveCfg = Debug|Any CPU
		{A3D7CD63-C1D8-41D0-93A7-776C0E6A20D8}.Debug|Mixed Platforms.Build.0 = Debug|Any CPU
		{A3D7CD63-C1D8-41D0-93A7-776C0E6A20D8}.Debug|x86.ActiveCfg = Debug|Any CPU
		{A3D7CD63-C1D8-41D0-93A7-776C0E6A20D8}.Release|Any CPU.ActiveCfg = Release|Any CPU
		{A3D7CD63-C1D8-41D0-93A7-776C0E6A20D8}.Release|Any CPU.Build.0 = Release|Any CPU
		{A3D7CD63-C1D8-41D0-93A7-776C0E6A20D8}.Release|Mixed Platforms.ActiveCfg = Release|Any CPU
		{A3D7CD63-C1D8-41D0-93A7-776C0E6A20D8}.Release|Mixed Platforms.Build.0 = Release|Any CPU
		{A3D7CD63-C1D8-41D0-93A7-776C0E6A20D8}.Release|x86.ActiveCfg = Release|Any CPU
		{B2206902-86E2-4EC7-8BE3-6E36514AD46E}.Debug|Any CPU.ActiveCfg = Debug|Any CPU
		{B2206902-86E2-4EC7-8BE3-6E36514AD46E}.Debug|Any CPU.Build.0 = Debug|Any CPU
		{B2206902-86E2-4EC7-8BE3-6E36514AD46E}.Debug|Mixed Platforms.ActiveCfg = Debug|Any CPU
		{B2206902-86E2-4EC7-8BE3-6E36514AD46E}.Debug|Mixed Platforms.Build.0 = Debug|Any CPU
		{B2206902-86E2-4EC7-8BE3-6E36514AD46E}.Debug|x86.ActiveCfg = Debug|Any CPU
		{B2206902-86E2-4EC7-8BE3-6E36514AD46E}.Release|Any CPU.ActiveCfg = Release|Any CPU
		{B2206902-86E2-4EC7-8BE3-6E36514AD46E}.Release|Any CPU.Build.0 = Release|Any CPU
		{B2206902-86E2-4EC7-8BE3-6E36514AD46E}.Release|Mixed Platforms.ActiveCfg = Release|Any CPU
		{B2206902-86E2-4EC7-8BE3-6E36514AD46E}.Release|Mixed Platforms.Build.0 = Release|Any CPU
		{B2206902-86E2-4EC7-8BE3-6E36514AD46E}.Release|x86.ActiveCfg = Release|Any CPU
		{75B673A9-38AF-44FA-83C4-9DAF0F5CD215}.Debug|Any CPU.ActiveCfg = Debug|Any CPU
		{75B673A9-38AF-44FA-83C4-9DAF0F5CD215}.Debug|Any CPU.Build.0 = Debug|Any CPU
		{75B673A9-38AF-44FA-83C4-9DAF0F5CD215}.Debug|Mixed Platforms.ActiveCfg = Debug|Any CPU
		{75B673A9-38AF-44FA-83C4-9DAF0F5CD215}.Debug|Mixed Platforms.Build.0 = Debug|Any CPU
		{75B673A9-38AF-44FA-83C4-9DAF0F5CD215}.Debug|x86.ActiveCfg = Debug|Any CPU
		{75B673A9-38AF-44FA-83C4-9DAF0F5CD215}.Release|Any CPU.ActiveCfg = Release|Any CPU
		{75B673A9-38AF-44FA-83C4-9DAF0F5CD215}.Release|Any CPU.Build.0 = Release|Any CPU
		{75B673A9-38AF-44FA-83C4-9DAF0F5CD215}.Release|Mixed Platforms.ActiveCfg = Release|Any CPU
		{75B673A9-38AF-44FA-83C4-9DAF0F5CD215}.Release|Mixed Platforms.Build.0 = Release|Any CPU
		{75B673A9-38AF-44FA-83C4-9DAF0F5CD215}.Release|x86.ActiveCfg = Release|Any CPU
		{66411FF3-AA26-4B45-96D3-56E5E77BB544}.Debug|Any CPU.ActiveCfg = Debug|Any CPU
		{66411FF3-AA26-4B45-96D3-56E5E77BB544}.Debug|Any CPU.Build.0 = Debug|Any CPU
		{66411FF3-AA26-4B45-96D3-56E5E77BB544}.Debug|Mixed Platforms.ActiveCfg = Debug|Any CPU
		{66411FF3-AA26-4B45-96D3-56E5E77BB544}.Debug|Mixed Platforms.Build.0 = Debug|Any CPU
		{66411FF3-AA26-4B45-96D3-56E5E77BB544}.Debug|x86.ActiveCfg = Debug|Any CPU
		{66411FF3-AA26-4B45-96D3-56E5E77BB544}.Release|Any CPU.ActiveCfg = Release|Any CPU
		{66411FF3-AA26-4B45-96D3-56E5E77BB544}.Release|Any CPU.Build.0 = Release|Any CPU
		{66411FF3-AA26-4B45-96D3-56E5E77BB544}.Release|Mixed Platforms.ActiveCfg = Release|Any CPU
		{66411FF3-AA26-4B45-96D3-56E5E77BB544}.Release|Mixed Platforms.Build.0 = Release|Any CPU
		{66411FF3-AA26-4B45-96D3-56E5E77BB544}.Release|x86.ActiveCfg = Release|Any CPU
		{9A926BC9-4D44-4F9F-9C00-4DB8C5E175D1}.Debug|Any CPU.ActiveCfg = Debug|Any CPU
		{9A926BC9-4D44-4F9F-9C00-4DB8C5E175D1}.Debug|Any CPU.Build.0 = Debug|Any CPU
		{9A926BC9-4D44-4F9F-9C00-4DB8C5E175D1}.Debug|Mixed Platforms.ActiveCfg = Debug|Any CPU
		{9A926BC9-4D44-4F9F-9C00-4DB8C5E175D1}.Debug|Mixed Platforms.Build.0 = Debug|Any CPU
		{9A926BC9-4D44-4F9F-9C00-4DB8C5E175D1}.Debug|x86.ActiveCfg = Debug|Any CPU
		{9A926BC9-4D44-4F9F-9C00-4DB8C5E175D1}.Release|Any CPU.ActiveCfg = Release|Any CPU
		{9A926BC9-4D44-4F9F-9C00-4DB8C5E175D1}.Release|Any CPU.Build.0 = Release|Any CPU
		{9A926BC9-4D44-4F9F-9C00-4DB8C5E175D1}.Release|Mixed Platforms.ActiveCfg = Release|Any CPU
		{9A926BC9-4D44-4F9F-9C00-4DB8C5E175D1}.Release|Mixed Platforms.Build.0 = Release|Any CPU
		{9A926BC9-4D44-4F9F-9C00-4DB8C5E175D1}.Release|x86.ActiveCfg = Release|Any CPU
		{590C01C7-CF2C-4D5B-A307-3EB7EC61FB0D}.Debug|Any CPU.ActiveCfg = Debug|Any CPU
		{590C01C7-CF2C-4D5B-A307-3EB7EC61FB0D}.Debug|Any CPU.Build.0 = Debug|Any CPU
		{590C01C7-CF2C-4D5B-A307-3EB7EC61FB0D}.Debug|Mixed Platforms.ActiveCfg = Debug|Any CPU
		{590C01C7-CF2C-4D5B-A307-3EB7EC61FB0D}.Debug|Mixed Platforms.Build.0 = Debug|Any CPU
		{590C01C7-CF2C-4D5B-A307-3EB7EC61FB0D}.Debug|x86.ActiveCfg = Debug|Any CPU
		{590C01C7-CF2C-4D5B-A307-3EB7EC61FB0D}.Release|Any CPU.ActiveCfg = Release|Any CPU
		{590C01C7-CF2C-4D5B-A307-3EB7EC61FB0D}.Release|Any CPU.Build.0 = Release|Any CPU
		{590C01C7-CF2C-4D5B-A307-3EB7EC61FB0D}.Release|Mixed Platforms.ActiveCfg = Release|Any CPU
		{590C01C7-CF2C-4D5B-A307-3EB7EC61FB0D}.Release|Mixed Platforms.Build.0 = Release|Any CPU
		{590C01C7-CF2C-4D5B-A307-3EB7EC61FB0D}.Release|x86.ActiveCfg = Release|Any CPU
	EndGlobalSection
	GlobalSection(SolutionProperties) = preSolution
		HideSolutionNode = FALSE
	EndGlobalSection
	GlobalSection(NestedProjects) = preSolution
		{829AA60E-CC9F-4BE6-95E1-BC7990147D15} = {279B3ED1-6ED0-41B4-BD29-D5CAEAE7BC3E}
		{96BEC6AF-3DE2-4245-AB4C-1C18CEF2482E} = {279B3ED1-6ED0-41B4-BD29-D5CAEAE7BC3E}
		{6A0141B0-25EE-497D-A027-62D436CF973D} = {279B3ED1-6ED0-41B4-BD29-D5CAEAE7BC3E}
		{0B94F193-9310-4A4D-98B2-3A55C851C6AD} = {279B3ED1-6ED0-41B4-BD29-D5CAEAE7BC3E}
		{66411FF3-AA26-4B45-96D3-56E5E77BB544} = {279B3ED1-6ED0-41B4-BD29-D5CAEAE7BC3E}
		{9A926BC9-4D44-4F9F-9C00-4DB8C5E175D1} = {279B3ED1-6ED0-41B4-BD29-D5CAEAE7BC3E}
		{8CFD644A-2E2B-4399-A089-EA57289A621B} = {C87D75D8-FF8C-4257-9AA5-8CDBC3760467}
		{4CFDCDDA-A411-4D97-8541-69027EDBE271} = {C87D75D8-FF8C-4257-9AA5-8CDBC3760467}
		{7ECE2107-F71A-4CC0-A0C4-83F1A9A8AC23} = {C87D75D8-FF8C-4257-9AA5-8CDBC3760467}
		{565E6847-7C95-40A8-AE60-4FFACCB81321} = {C87D75D8-FF8C-4257-9AA5-8CDBC3760467}
		{A53850F9-4599-49A4-9182-7CC9AD889458} = {C87D75D8-FF8C-4257-9AA5-8CDBC3760467}
		{2AE49F19-392B-4C50-A13C-F49B2579849D} = {C87D75D8-FF8C-4257-9AA5-8CDBC3760467}
		{D349B6D8-992F-443F-BB57-57E50DD98794} = {C87D75D8-FF8C-4257-9AA5-8CDBC3760467}
		{A09297C8-2C40-470B-8856-D856676DDFFA} = {C87D75D8-FF8C-4257-9AA5-8CDBC3760467}
		{EF1EE812-6FE9-4ECE-9BCD-4507CFE577D2} = {C87D75D8-FF8C-4257-9AA5-8CDBC3760467}
		{0D76ACC1-B717-446B-94A5-243D6F534010} = {C87D75D8-FF8C-4257-9AA5-8CDBC3760467}
		{DDBB4D77-2FE7-4C27-BD10-64A4DD393516} = {C87D75D8-FF8C-4257-9AA5-8CDBC3760467}
		{B3846BA0-8282-405F-88B8-1E2E3E528EE7} = {C87D75D8-FF8C-4257-9AA5-8CDBC3760467}
		{99D8D50E-3A79-49A3-BD56-6B9CF4FA0AE3} = {C87D75D8-FF8C-4257-9AA5-8CDBC3760467}
		{74C77203-C672-4722-A182-8600ED08CC65} = {C87D75D8-FF8C-4257-9AA5-8CDBC3760467}
		{70F66CA0-F76D-49A9-BB39-DC43B8710C76} = {C87D75D8-FF8C-4257-9AA5-8CDBC3760467}
		{31C9E8DA-CD24-42C8-BA9B-B8D46D6C1F7E} = {C87D75D8-FF8C-4257-9AA5-8CDBC3760467}
		{D090B4B7-1C0E-4D3E-B9B8-260514890E60} = {C87D75D8-FF8C-4257-9AA5-8CDBC3760467}
		{C6445B39-080F-4C2F-BCBB-AE7A976E0CA0} = {C87D75D8-FF8C-4257-9AA5-8CDBC3760467}
		{C033698E-F931-4762-B38D-59749B017260} = {C87D75D8-FF8C-4257-9AA5-8CDBC3760467}
		{5F49F5D6-00EB-4460-9B6B-609979C2E774} = {C87D75D8-FF8C-4257-9AA5-8CDBC3760467}
		{C3854989-A4AE-4201-B208-2FF22349BCAF} = {C87D75D8-FF8C-4257-9AA5-8CDBC3760467}
		{B4CCD334-66A0-42AD-BABE-F583D9FBBEED} = {C87D75D8-FF8C-4257-9AA5-8CDBC3760467}
		{8791667C-AAF4-4132-B140-3885C789D040} = {C87D75D8-FF8C-4257-9AA5-8CDBC3760467}
		{901F75B7-A92B-42B5-92AD-6381AEA39AA2} = {C87D75D8-FF8C-4257-9AA5-8CDBC3760467}
		{3982436F-2AD1-43EB-8AD6-894DC068ACE0} = {C87D75D8-FF8C-4257-9AA5-8CDBC3760467}
		{34865C35-7578-4D1C-BEF3-2A8056B8B275} = {C87D75D8-FF8C-4257-9AA5-8CDBC3760467}
		{FB9F2989-644D-4986-8633-64D357849EB2} = {C87D75D8-FF8C-4257-9AA5-8CDBC3760467}
		{AD5AB1D2-1B7C-491F-8ACC-ED2FC62CBF24} = {C87D75D8-FF8C-4257-9AA5-8CDBC3760467}
		{6ED2D45D-499C-4F81-975E-A936B4DCF8B5} = {C87D75D8-FF8C-4257-9AA5-8CDBC3760467}
		{A5E25D5C-5ADD-44A5-9DF4-5931854A4E73} = {C87D75D8-FF8C-4257-9AA5-8CDBC3760467}
		{6272AB13-7384-429A-9EC6-F561B0B1E58C} = {C87D75D8-FF8C-4257-9AA5-8CDBC3760467}
		{5F637280-1DEE-4C9C-908F-A6D02C3DB323} = {C87D75D8-FF8C-4257-9AA5-8CDBC3760467}
		{9F156689-2751-4044-86AB-0A8F85A74E20} = {C87D75D8-FF8C-4257-9AA5-8CDBC3760467}
		{F12BF8AC-39B4-4DB5-933F-611BD73338C3} = {C87D75D8-FF8C-4257-9AA5-8CDBC3760467}
		{1E0D7696-BABB-4279-817A-18DCACAEB575} = {C87D75D8-FF8C-4257-9AA5-8CDBC3760467}
		{9B99CD18-9414-4842-9792-E33B6605F330} = {C87D75D8-FF8C-4257-9AA5-8CDBC3760467}
		{57E4BAF4-D3C6-454A-81F3-DF4C5AB741B3} = {C87D75D8-FF8C-4257-9AA5-8CDBC3760467}
		{A0C22DD5-6D5C-413B-911E-5F2E497043BB} = {8CFD644A-2E2B-4399-A089-EA57289A621B}
		{437773A8-7FA3-4C9F-8AD3-AA43B37E7BB5} = {8CFD644A-2E2B-4399-A089-EA57289A621B}
		{BC691168-09FC-4667-ACA1-C5734F039FEC} = {4CFDCDDA-A411-4D97-8541-69027EDBE271}
		{CE0BD0D7-7982-4212-ADFA-DC60A819DB96} = {4CFDCDDA-A411-4D97-8541-69027EDBE271}
		{6C5A1391-BC60-485D-8211-FF6BE582BC6F} = {7ECE2107-F71A-4CC0-A0C4-83F1A9A8AC23}
		{A3921366-C7E8-4B81-BB17-4C5DF41CB2D5} = {7ECE2107-F71A-4CC0-A0C4-83F1A9A8AC23}
		{A45CA5E3-6476-4ACF-B454-91036A712414} = {B3846BA0-8282-405F-88B8-1E2E3E528EE7}
		{C59112DC-0F4E-44CA-8567-1FF476797F12} = {AD5AB1D2-1B7C-491F-8ACC-ED2FC62CBF24}
		{0A6A77D8-86A1-4A6D-8BC1-D583C6915623} = {AD5AB1D2-1B7C-491F-8ACC-ED2FC62CBF24}
		{67A577F6-F846-4FFA-9D3E-A1C2355922A7} = {F12BF8AC-39B4-4DB5-933F-611BD73338C3}
		{051F4782-724B-4205-92F7-F9B20C52FC32} = {5B007DF6-3E32-4005-B020-77BA8A3032B1}
		{AEDBFBBD-BA7D-4582-AFCA-6ECF8AF33C98} = {5B007DF6-3E32-4005-B020-77BA8A3032B1}
		{FA67314A-0560-41D4-BC19-6524663E9D0D} = {5B007DF6-3E32-4005-B020-77BA8A3032B1}
		{2D55B859-8E18-4C10-AD70-71A45E5BE1D5} = {5B007DF6-3E32-4005-B020-77BA8A3032B1}
		{72202444-3942-4FE3-8F65-5B7FE8C868E0} = {5B007DF6-3E32-4005-B020-77BA8A3032B1}
		{CB5B04A6-76C2-43C4-9A8F-20EE2601CB11} = {5B007DF6-3E32-4005-B020-77BA8A3032B1}
		{6CD378FB-00A9-4644-965B-21A16956DED0} = {5B007DF6-3E32-4005-B020-77BA8A3032B1}
		{544A1FD5-76D3-4B73-97DD-0C7AA32F66C2} = {5B007DF6-3E32-4005-B020-77BA8A3032B1}
		{8F56D3E8-8C5F-41B2-A0FF-ED4036BF75E4} = {5B007DF6-3E32-4005-B020-77BA8A3032B1}
		{083973A7-25ED-4B16-9BB4-65BDD4AA1AA8} = {5B007DF6-3E32-4005-B020-77BA8A3032B1}
		{07A23586-1761-45EB-AADC-CEC01AA5820A} = {5B007DF6-3E32-4005-B020-77BA8A3032B1}
		{590C01C7-CF2C-4D5B-A307-3EB7EC61FB0D} = {5B007DF6-3E32-4005-B020-77BA8A3032B1}
		{45EB1597-4C92-4AB8-B615-5206D5A9F472} = {051F4782-724B-4205-92F7-F9B20C52FC32}
		{9E536824-37AD-4CC7-B597-11B882091DBD} = {051F4782-724B-4205-92F7-F9B20C52FC32}
		{329D8BC9-D820-37CA-9B18-098625CA0158} = {051F4782-724B-4205-92F7-F9B20C52FC32}
		{2AD52941-1F8A-3ED6-9F00-69F6F6AB2803} = {051F4782-724B-4205-92F7-F9B20C52FC32}
		{FD263EB4-A3EF-4447-94B1-DE1B308C604B} = {051F4782-724B-4205-92F7-F9B20C52FC32}
		{D121D692-FF26-3836-8115-E63D9FC3A3B1} = {051F4782-724B-4205-92F7-F9B20C52FC32}
		{4675187D-6CC7-369C-AEEF-121AD4508FF5} = {051F4782-724B-4205-92F7-F9B20C52FC32}
		{AC296AC1-DD5A-4AA4-A299-DD708E5F1A10} = {2D55B859-8E18-4C10-AD70-71A45E5BE1D5}
		{59FB16F3-4CCD-43E9-BBC4-5246E62AC70E} = {2D55B859-8E18-4C10-AD70-71A45E5BE1D5}
		{FB3EAC65-AB2B-4A7E-ADA5-AAE0651CAAF6} = {2D55B859-8E18-4C10-AD70-71A45E5BE1D5}
		{E518AEE0-D306-4ECE-A353-ED9F2723B81A} = {72202444-3942-4FE3-8F65-5B7FE8C868E0}
		{231243D6-9B1A-43BC-AC7E-FC6AE5DDC006} = {72202444-3942-4FE3-8F65-5B7FE8C868E0}
		{F80EB367-9E8A-4317-A6BC-C3FC2FD9770E} = {72202444-3942-4FE3-8F65-5B7FE8C868E0}
		{C519F59F-456A-4C7B-ADE8-22AC96D572F3} = {72202444-3942-4FE3-8F65-5B7FE8C868E0}
		{96E238AE-CE18-4299-87C4-0924EBCEFA80} = {E518AEE0-D306-4ECE-A353-ED9F2723B81A}
		{E16B6793-6589-412F-9798-5E99E7112D84} = {E518AEE0-D306-4ECE-A353-ED9F2723B81A}
		{D91F3FD0-9E1B-41FF-AE2E-67F051198F51} = {8F56D3E8-8C5F-41B2-A0FF-ED4036BF75E4}
		{A3D7CD63-C1D8-41D0-93A7-776C0E6A20D8} = {07A23586-1761-45EB-AADC-CEC01AA5820A}
		{B2206902-86E2-4EC7-8BE3-6E36514AD46E} = {07A23586-1761-45EB-AADC-CEC01AA5820A}
		{75B673A9-38AF-44FA-83C4-9DAF0F5CD215} = {07A23586-1761-45EB-AADC-CEC01AA5820A}
	EndGlobalSection
	GlobalSection(TextTemplating) = postSolution
		TextTemplating = 1
	EndGlobalSection
EndGlobal
