
Microsoft Visual Studio Solution File, Format Version 12.00
# Visual Studio 2012
Project("{FAE04EC0-301F-11D3-BF4B-00C04F79EFBC}") = "AutomationVerification", "AutomationVerification\AutomationVerification.csproj", "{87D86A46-A199-4D0A-A597-7769B7578533}"
EndProject
Global
	GlobalSection(SolutionConfigurationPlatforms) = preSolution
		Debug|Any CPU = Debug|Any CPU
		Release|Any CPU = Release|Any CPU
	EndGlobalSection
	GlobalSection(ProjectConfigurationPlatforms) = postSolution
		{87D86A46-A199-4D0A-A597-7769B7578533}.Debug|Any CPU.ActiveCfg = Debug|Any CPU
		{87D86A46-A199-4D0A-A597-7769B7578533}.Debug|Any CPU.Build.0 = Debug|Any CPU
		{87D86A46-A199-4D0A-A597-7769B7578533}.Release|Any CPU.ActiveCfg = Release|Any CPU
		{87D86A46-A199-4D0A-A597-7769B7578533}.Release|Any CPU.Build.0 = Release|Any CPU
	EndGlobalSection
	GlobalSection(SolutionProperties) = preSolution
		HideSolutionNode = FALSE
	EndGlobalSection
EndGlobal
