
Microsoft Visual Studio Solution File, Format Version 12.00
# Visual Studio 2012
Project("{FAE04EC0-301F-11D3-BF4B-00C04F79EFBC}") = "ConfigurationBase", "..\ConfigurationBase\ConfigurationBase.csproj", "{E31F233F-09AA-47C8-A2E0-8E33A87F868D}"
EndProject
Project("{FAE04EC0-301F-11D3-BF4B-00C04F79EFBC}") = "DbConnection", "..\DbConnection\DbConnection.csproj", "{270BAF49-7F7D-4220-91A2-D8F5BF16B3E4}"
EndProject
Project("{FAE04EC0-301F-11D3-BF4B-00C04F79EFBC}") = "EzEnvironment", "..\EzEnvironment\EzEnvironment.csproj", "{B91EB116-94EB-416B-9422-D3BA97993163}"
EndProject
Project("{FAE04EC0-301F-11D3-BF4B-00C04F79EFBC}") = "Logger", "..\Logger\Logger.csproj", "{F92CA169-9532-4C4D-8D84-6F48ACE5719C}"
EndProject
Project("{FAE04EC0-301F-11D3-BF4B-00C04F79EFBC}") = "AutomationCalculator", "AutoRejection\AutomationCalculator.csproj", "{D7B3530E-4038-446D-A25A-45D6DF5B6D45}"
EndProject
Project("{FAE04EC0-301F-11D3-BF4B-00C04F79EFBC}") = "EzbobScoringModelCalculator", "EzbobScoringModelCalculator\EzbobScoringModelCalculator.csproj", "{E20B81C9-A226-4463-A2E3-7D2B576A0DA8}"
EndProject
Project("{FAE04EC0-301F-11D3-BF4B-00C04F79EFBC}") = "AutomationVerification", "AutomationVerification\AutomationVerification.csproj", "{87D86A46-A199-4D0A-A597-7769B7578533}"
EndProject
Project("{FAE04EC0-301F-11D3-BF4B-00C04F79EFBC}") = "Reports", "..\..\..\App\EzReporting\Reports\Reports.csproj", "{FBD0F86B-FC06-418A-80A1-ADA19E973A7E}"
EndProject
Project("{FAE04EC0-301F-11D3-BF4B-00C04F79EFBC}") = "Mailer", "..\..\..\App\EzReporting\Mailer\Mailer.csproj", "{68180204-5112-43AF-9D83-E5CDD39F93A0}"
EndProject
Project("{FAE04EC0-301F-11D3-BF4B-00C04F79EFBC}") = "ValueIntervals", "..\ValueIntervals\ValueIntervals.csproj", "{90CC3A5F-5BEA-4C13-82B7-992ADC41F854}"
EndProject
Project("{FAE04EC0-301F-11D3-BF4B-00C04F79EFBC}") = "Barrymore", "..\Barrymore\Barrymore.csproj", "{6E34C540-073A-44B1-9BBC-31DAC15A6F5E}"
EndProject
Project("{FAE04EC0-301F-11D3-BF4B-00C04F79EFBC}") = "MiniResharper", "..\MiniResharper\MiniResharper.csproj", "{805F29C1-D575-49C5-A95D-4D393E65481F}"
EndProject
Project("{FAE04EC0-301F-11D3-BF4B-00C04F79EFBC}") = "Ezbob.Backend.ModelsWithDB", "..\..\..\Backend\ModelsWithDB\Ezbob.Backend.ModelsWithDB.csproj", "{FA52D60A-3BE9-4938-B8D5-1E64E4FD80AC}"
EndProject
Project("{FAE04EC0-301F-11D3-BF4B-00C04F79EFBC}") = "DbConstants", "..\..\..\Integration\DbConstants\DbConstants.csproj", "{0527009D-A650-4505-9385-49FACA6991CB}"
EndProject
Global
	GlobalSection(SolutionConfigurationPlatforms) = preSolution
		Debug|Any CPU = Debug|Any CPU
		Release|Any CPU = Release|Any CPU
	EndGlobalSection
	GlobalSection(ProjectConfigurationPlatforms) = postSolution
		{E31F233F-09AA-47C8-A2E0-8E33A87F868D}.Debug|Any CPU.ActiveCfg = Debug|Any CPU
		{E31F233F-09AA-47C8-A2E0-8E33A87F868D}.Debug|Any CPU.Build.0 = Debug|Any CPU
		{E31F233F-09AA-47C8-A2E0-8E33A87F868D}.Release|Any CPU.ActiveCfg = Release|Any CPU
		{E31F233F-09AA-47C8-A2E0-8E33A87F868D}.Release|Any CPU.Build.0 = Release|Any CPU
		{270BAF49-7F7D-4220-91A2-D8F5BF16B3E4}.Debug|Any CPU.ActiveCfg = Debug|Any CPU
		{270BAF49-7F7D-4220-91A2-D8F5BF16B3E4}.Debug|Any CPU.Build.0 = Debug|Any CPU
		{270BAF49-7F7D-4220-91A2-D8F5BF16B3E4}.Release|Any CPU.ActiveCfg = Release|Any CPU
		{270BAF49-7F7D-4220-91A2-D8F5BF16B3E4}.Release|Any CPU.Build.0 = Release|Any CPU
		{B91EB116-94EB-416B-9422-D3BA97993163}.Debug|Any CPU.ActiveCfg = Debug|Any CPU
		{B91EB116-94EB-416B-9422-D3BA97993163}.Debug|Any CPU.Build.0 = Debug|Any CPU
		{B91EB116-94EB-416B-9422-D3BA97993163}.Release|Any CPU.ActiveCfg = Release|Any CPU
		{B91EB116-94EB-416B-9422-D3BA97993163}.Release|Any CPU.Build.0 = Release|Any CPU
		{F92CA169-9532-4C4D-8D84-6F48ACE5719C}.Debug|Any CPU.ActiveCfg = Debug|Any CPU
		{F92CA169-9532-4C4D-8D84-6F48ACE5719C}.Debug|Any CPU.Build.0 = Debug|Any CPU
		{F92CA169-9532-4C4D-8D84-6F48ACE5719C}.Release|Any CPU.ActiveCfg = Release|Any CPU
		{F92CA169-9532-4C4D-8D84-6F48ACE5719C}.Release|Any CPU.Build.0 = Release|Any CPU
		{D7B3530E-4038-446D-A25A-45D6DF5B6D45}.Debug|Any CPU.ActiveCfg = Debug|Any CPU
		{D7B3530E-4038-446D-A25A-45D6DF5B6D45}.Debug|Any CPU.Build.0 = Debug|Any CPU
		{D7B3530E-4038-446D-A25A-45D6DF5B6D45}.Release|Any CPU.ActiveCfg = Release|Any CPU
		{D7B3530E-4038-446D-A25A-45D6DF5B6D45}.Release|Any CPU.Build.0 = Release|Any CPU
		{E20B81C9-A226-4463-A2E3-7D2B576A0DA8}.Debug|Any CPU.ActiveCfg = Debug|Any CPU
		{E20B81C9-A226-4463-A2E3-7D2B576A0DA8}.Debug|Any CPU.Build.0 = Debug|Any CPU
		{E20B81C9-A226-4463-A2E3-7D2B576A0DA8}.Release|Any CPU.ActiveCfg = Release|Any CPU
		{E20B81C9-A226-4463-A2E3-7D2B576A0DA8}.Release|Any CPU.Build.0 = Release|Any CPU
		{87D86A46-A199-4D0A-A597-7769B7578533}.Debug|Any CPU.ActiveCfg = Debug|Any CPU
		{87D86A46-A199-4D0A-A597-7769B7578533}.Debug|Any CPU.Build.0 = Debug|Any CPU
		{87D86A46-A199-4D0A-A597-7769B7578533}.Release|Any CPU.ActiveCfg = Release|Any CPU
		{87D86A46-A199-4D0A-A597-7769B7578533}.Release|Any CPU.Build.0 = Release|Any CPU
		{FBD0F86B-FC06-418A-80A1-ADA19E973A7E}.Debug|Any CPU.ActiveCfg = Debug|Any CPU
		{FBD0F86B-FC06-418A-80A1-ADA19E973A7E}.Debug|Any CPU.Build.0 = Debug|Any CPU
		{FBD0F86B-FC06-418A-80A1-ADA19E973A7E}.Release|Any CPU.ActiveCfg = Release|Any CPU
		{FBD0F86B-FC06-418A-80A1-ADA19E973A7E}.Release|Any CPU.Build.0 = Release|Any CPU
		{68180204-5112-43AF-9D83-E5CDD39F93A0}.Debug|Any CPU.ActiveCfg = Debug|Any CPU
		{68180204-5112-43AF-9D83-E5CDD39F93A0}.Debug|Any CPU.Build.0 = Debug|Any CPU
		{68180204-5112-43AF-9D83-E5CDD39F93A0}.Release|Any CPU.ActiveCfg = Release|Any CPU
		{68180204-5112-43AF-9D83-E5CDD39F93A0}.Release|Any CPU.Build.0 = Release|Any CPU
		{90CC3A5F-5BEA-4C13-82B7-992ADC41F854}.Debug|Any CPU.ActiveCfg = Debug|Any CPU
		{90CC3A5F-5BEA-4C13-82B7-992ADC41F854}.Debug|Any CPU.Build.0 = Debug|Any CPU
		{90CC3A5F-5BEA-4C13-82B7-992ADC41F854}.Release|Any CPU.ActiveCfg = Release|Any CPU
		{90CC3A5F-5BEA-4C13-82B7-992ADC41F854}.Release|Any CPU.Build.0 = Release|Any CPU
		{6E34C540-073A-44B1-9BBC-31DAC15A6F5E}.Debug|Any CPU.ActiveCfg = Debug|Any CPU
		{6E34C540-073A-44B1-9BBC-31DAC15A6F5E}.Debug|Any CPU.Build.0 = Debug|Any CPU
		{6E34C540-073A-44B1-9BBC-31DAC15A6F5E}.Release|Any CPU.ActiveCfg = Release|Any CPU
		{6E34C540-073A-44B1-9BBC-31DAC15A6F5E}.Release|Any CPU.Build.0 = Release|Any CPU
		{805F29C1-D575-49C5-A95D-4D393E65481F}.Debug|Any CPU.ActiveCfg = Debug|Any CPU
		{805F29C1-D575-49C5-A95D-4D393E65481F}.Debug|Any CPU.Build.0 = Debug|Any CPU
		{805F29C1-D575-49C5-A95D-4D393E65481F}.Release|Any CPU.ActiveCfg = Release|Any CPU
		{805F29C1-D575-49C5-A95D-4D393E65481F}.Release|Any CPU.Build.0 = Release|Any CPU
		{FA52D60A-3BE9-4938-B8D5-1E64E4FD80AC}.Debug|Any CPU.ActiveCfg = Debug|Any CPU
		{FA52D60A-3BE9-4938-B8D5-1E64E4FD80AC}.Debug|Any CPU.Build.0 = Debug|Any CPU
		{FA52D60A-3BE9-4938-B8D5-1E64E4FD80AC}.Release|Any CPU.ActiveCfg = Release|Any CPU
		{FA52D60A-3BE9-4938-B8D5-1E64E4FD80AC}.Release|Any CPU.Build.0 = Release|Any CPU
		{0527009D-A650-4505-9385-49FACA6991CB}.Debug|Any CPU.ActiveCfg = Debug|Any CPU
		{0527009D-A650-4505-9385-49FACA6991CB}.Debug|Any CPU.Build.0 = Debug|Any CPU
		{0527009D-A650-4505-9385-49FACA6991CB}.Release|Any CPU.ActiveCfg = Release|Any CPU
		{0527009D-A650-4505-9385-49FACA6991CB}.Release|Any CPU.Build.0 = Release|Any CPU
	EndGlobalSection
	GlobalSection(SolutionProperties) = preSolution
		HideSolutionNode = FALSE
	EndGlobalSection
EndGlobal
