
Microsoft Visual Studio Solution File, Format Version 12.00
# Visual Studio 2012
Project("{FAE04EC0-301F-11D3-BF4B-00C04F79EFBC}") = "HmrcCrawler", "HmrcCrawler\HmrcCrawler.csproj", "{DFC5B190-AFA4-40A7-8237-8404687B4513}"
EndProject
Project("{FAE04EC0-301F-11D3-BF4B-00C04F79EFBC}") = "TestCrawler", "TestCrawler\TestCrawler.csproj", "{D2699F13-3F35-44B0-B699-E44A9B6EC3EC}"
EndProject
Project("{FAE04EC0-301F-11D3-BF4B-00C04F79EFBC}") = "Logger", "..\..\Tools\EzbobUtils\Logger\Logger.csproj", "{F92CA169-9532-4C4D-8D84-6F48ACE5719C}"
EndProject
Global
	GlobalSection(SolutionConfigurationPlatforms) = preSolution
		Debug|Any CPU = Debug|Any CPU
		Release|Any CPU = Release|Any CPU
	EndGlobalSection
	GlobalSection(ProjectConfigurationPlatforms) = postSolution
		{DFC5B190-AFA4-40A7-8237-8404687B4513}.Debug|Any CPU.ActiveCfg = Debug|Any CPU
		{DFC5B190-AFA4-40A7-8237-8404687B4513}.Debug|Any CPU.Build.0 = Debug|Any CPU
		{DFC5B190-AFA4-40A7-8237-8404687B4513}.Release|Any CPU.ActiveCfg = Release|Any CPU
		{DFC5B190-AFA4-40A7-8237-8404687B4513}.Release|Any CPU.Build.0 = Release|Any CPU
		{D2699F13-3F35-44B0-B699-E44A9B6EC3EC}.Debug|Any CPU.ActiveCfg = Debug|Any CPU
		{D2699F13-3F35-44B0-B699-E44A9B6EC3EC}.Debug|Any CPU.Build.0 = Debug|Any CPU
		{D2699F13-3F35-44B0-B699-E44A9B6EC3EC}.Release|Any CPU.ActiveCfg = Release|Any CPU
		{D2699F13-3F35-44B0-B699-E44A9B6EC3EC}.Release|Any CPU.Build.0 = Release|Any CPU
		{F92CA169-9532-4C4D-8D84-6F48ACE5719C}.Debug|Any CPU.ActiveCfg = Debug|Any CPU
		{F92CA169-9532-4C4D-8D84-6F48ACE5719C}.Debug|Any CPU.Build.0 = Debug|Any CPU
		{F92CA169-9532-4C4D-8D84-6F48ACE5719C}.Release|Any CPU.ActiveCfg = Release|Any CPU
		{F92CA169-9532-4C4D-8D84-6F48ACE5719C}.Release|Any CPU.Build.0 = Release|Any CPU
	EndGlobalSection
	GlobalSection(SolutionProperties) = preSolution
		HideSolutionNode = FALSE
	EndGlobalSection
EndGlobal
